<?xml version="1.0" encoding="UTF-8"?>
<!DOCTYPE plist PUBLIC "-//Apple//DTD PLIST 1.0//EN" "http://www.apple.com/DTDs/PropertyList-1.0.dtd">
<plist version="1.0">
<dict>
	<key>archiveVersion</key>
	<string>1</string>
	<key>classes</key>
	<dict/>
	<key>objectVersion</key>
	<string>46</string>
	<key>objects</key>
	<dict>
		<key>171AE077179930DD005149FC</key>
		<dict>
			<key>isa</key>
			<string>PBXFileReference</string>
			<key>lastKnownFileType</key>
			<string>image.jpeg</string>
			<key>path</key>
			<string>paper.jpg</string>
			<key>sourceTree</key>
			<string>&lt;group&gt;</string>
		</dict>
		<key>171AE078179930DD005149FC</key>
		<dict>
			<key>isa</key>
			<string>PBXFileReference</string>
			<key>lastKnownFileType</key>
			<string>image.jpeg</string>
			<key>path</key>
			<string>rock.jpg</string>
			<key>sourceTree</key>
			<string>&lt;group&gt;</string>
		</dict>
		<key>171AE079179930DD005149FC</key>
		<dict>
			<key>isa</key>
			<string>PBXFileReference</string>
			<key>lastKnownFileType</key>
			<string>image.jpeg</string>
			<key>path</key>
			<string>scissors.jpg</string>
			<key>sourceTree</key>
			<string>&lt;group&gt;</string>
		</dict>
		<key>171AE07A179930DD005149FC</key>
		<dict>
			<key>fileRef</key>
			<string>171AE077179930DD005149FC</string>
			<key>isa</key>
			<string>PBXBuildFile</string>
		</dict>
		<key>171AE07B179930DD005149FC</key>
		<dict>
			<key>fileRef</key>
			<string>171AE078179930DD005149FC</string>
			<key>isa</key>
			<string>PBXBuildFile</string>
		</dict>
		<key>171AE07C179930DD005149FC</key>
		<dict>
			<key>fileRef</key>
			<string>171AE079179930DD005149FC</string>
			<key>isa</key>
			<string>PBXBuildFile</string>
		</dict>
		<key>171AE07D17993792005149FC</key>
		<dict>
			<key>isa</key>
			<string>PBXFileReference</string>
			<key>lastKnownFileType</key>
			<string>image.jpeg</string>
			<key>path</key>
			<string>artemis.jpg</string>
			<key>sourceTree</key>
			<string>&lt;group&gt;</string>
		</dict>
		<key>171AE07E17993792005149FC</key>
		<dict>
			<key>isa</key>
			<string>PBXFileReference</string>
			<key>lastKnownFileType</key>
			<string>image.jpeg</string>
			<key>path</key>
			<string>chien.jpg</string>
			<key>sourceTree</key>
			<string>&lt;group&gt;</string>
		</dict>
		<key>171AE07F17993792005149FC</key>
		<dict>
			<key>isa</key>
			<string>PBXFileReference</string>
			<key>lastKnownFileType</key>
			<string>image.jpeg</string>
			<key>path</key>
			<string>ernesto.jpg</string>
			<key>sourceTree</key>
			<string>&lt;group&gt;</string>
		</dict>
		<key>171AE08017993792005149FC</key>
		<dict>
			<key>isa</key>
			<string>PBXFileReference</string>
			<key>lastKnownFileType</key>
			<string>image.jpeg</string>
			<key>path</key>
			<string>jamoy.jpg</string>
			<key>sourceTree</key>
			<string>&lt;group&gt;</string>
		</dict>
		<key>171AE08117993792005149FC</key>
		<dict>
			<key>fileRef</key>
			<string>171AE07D17993792005149FC</string>
			<key>isa</key>
			<string>PBXBuildFile</string>
		</dict>
		<key>171AE08217993792005149FC</key>
		<dict>
			<key>fileRef</key>
			<string>171AE07E17993792005149FC</string>
			<key>isa</key>
			<string>PBXBuildFile</string>
		</dict>
		<key>171AE08317993792005149FC</key>
		<dict>
			<key>fileRef</key>
			<string>171AE07F17993792005149FC</string>
			<key>isa</key>
			<string>PBXBuildFile</string>
		</dict>
		<key>171AE08417993792005149FC</key>
		<dict>
			<key>fileRef</key>
			<string>171AE08017993792005149FC</string>
			<key>isa</key>
			<string>PBXBuildFile</string>
		</dict>
		<key>171AE085179937A3005149FC</key>
		<dict>
			<key>isa</key>
			<string>PBXFileReference</string>
			<key>lastKnownFileType</key>
			<string>image.jpeg</string>
			<key>path</key>
			<string>jason.jpg</string>
			<key>sourceTree</key>
			<string>&lt;group&gt;</string>
		</dict>
		<key>171AE086179937A3005149FC</key>
		<dict>
			<key>isa</key>
			<string>PBXFileReference</string>
			<key>lastKnownFileType</key>
			<string>image.jpeg</string>
			<key>path</key>
			<string>kenny.jpg</string>
			<key>sourceTree</key>
			<string>&lt;group&gt;</string>
		</dict>
		<key>171AE087179937A3005149FC</key>
		<dict>
			<key>isa</key>
			<string>PBXFileReference</string>
			<key>lastKnownFileType</key>
			<string>image.jpeg</string>
			<key>path</key>
			<string>poon.jpg</string>
			<key>sourceTree</key>
			<string>&lt;group&gt;</string>
		</dict>
		<key>171AE088179937A3005149FC</key>
		<dict>
			<key>isa</key>
			<string>PBXFileReference</string>
			<key>lastKnownFileType</key>
			<string>image.jpeg</string>
			<key>path</key>
			<string>Sri.jpg</string>
			<key>sourceTree</key>
			<string>&lt;group&gt;</string>
		</dict>
		<key>171AE089179937A3005149FC</key>
		<dict>
			<key>isa</key>
			<string>PBXFileReference</string>
			<key>lastKnownFileType</key>
			<string>image.jpeg</string>
			<key>path</key>
			<string>waihong.jpg</string>
			<key>sourceTree</key>
			<string>&lt;group&gt;</string>
		</dict>
		<key>171AE08A179937A3005149FC</key>
		<dict>
			<key>fileRef</key>
			<string>171AE085179937A3005149FC</string>
			<key>isa</key>
			<string>PBXBuildFile</string>
		</dict>
		<key>171AE08B179937A3005149FC</key>
		<dict>
			<key>fileRef</key>
			<string>171AE086179937A3005149FC</string>
			<key>isa</key>
			<string>PBXBuildFile</string>
		</dict>
		<key>171AE08C179937A3005149FC</key>
		<dict>
			<key>fileRef</key>
			<string>171AE087179937A3005149FC</string>
			<key>isa</key>
			<string>PBXBuildFile</string>
		</dict>
		<key>171AE08D179937A3005149FC</key>
		<dict>
			<key>fileRef</key>
			<string>171AE088179937A3005149FC</string>
			<key>isa</key>
			<string>PBXBuildFile</string>
		</dict>
		<key>171AE08E179937A3005149FC</key>
		<dict>
			<key>fileRef</key>
			<string>171AE089179937A3005149FC</string>
			<key>isa</key>
			<string>PBXBuildFile</string>
		</dict>
		<key>171AE0AF17994242005149FC</key>
		<dict>
			<key>isa</key>
			<string>PBXFileReference</string>
			<key>lastKnownFileType</key>
			<string>image.png</string>
			<key>path</key>
			<string>win_1.png</string>
			<key>sourceTree</key>
			<string>&lt;group&gt;</string>
		</dict>
		<key>171AE0B017994242005149FC</key>
		<dict>
			<key>isa</key>
			<string>PBXFileReference</string>
			<key>lastKnownFileType</key>
			<string>image.png</string>
			<key>path</key>
			<string>win_2.png</string>
			<key>sourceTree</key>
			<string>&lt;group&gt;</string>
		</dict>
		<key>171AE0B117994242005149FC</key>
		<dict>
			<key>isa</key>
			<string>PBXFileReference</string>
			<key>lastKnownFileType</key>
			<string>image.png</string>
			<key>path</key>
			<string>win_3.png</string>
			<key>sourceTree</key>
			<string>&lt;group&gt;</string>
		</dict>
		<key>171AE0B217994242005149FC</key>
		<dict>
			<key>isa</key>
			<string>PBXFileReference</string>
			<key>lastKnownFileType</key>
			<string>image.png</string>
			<key>path</key>
			<string>win_4.png</string>
			<key>sourceTree</key>
			<string>&lt;group&gt;</string>
		</dict>
		<key>171AE0B317994242005149FC</key>
		<dict>
			<key>isa</key>
			<string>PBXFileReference</string>
			<key>lastKnownFileType</key>
			<string>image.png</string>
			<key>path</key>
			<string>win_5.png</string>
			<key>sourceTree</key>
			<string>&lt;group&gt;</string>
		</dict>
		<key>171AE0B417994242005149FC</key>
		<dict>
			<key>isa</key>
			<string>PBXFileReference</string>
			<key>lastKnownFileType</key>
			<string>image.png</string>
			<key>path</key>
			<string>win_6.png</string>
			<key>sourceTree</key>
			<string>&lt;group&gt;</string>
		</dict>
		<key>171AE0B517994242005149FC</key>
		<dict>
			<key>isa</key>
			<string>PBXFileReference</string>
			<key>lastKnownFileType</key>
			<string>image.png</string>
			<key>path</key>
			<string>win_7.png</string>
			<key>sourceTree</key>
			<string>&lt;group&gt;</string>
		</dict>
		<key>171AE0B617994242005149FC</key>
		<dict>
			<key>isa</key>
			<string>PBXFileReference</string>
			<key>lastKnownFileType</key>
			<string>image.png</string>
			<key>path</key>
			<string>win_8.png</string>
			<key>sourceTree</key>
			<string>&lt;group&gt;</string>
		</dict>
		<key>171AE0B717994242005149FC</key>
		<dict>
			<key>isa</key>
			<string>PBXFileReference</string>
			<key>lastKnownFileType</key>
			<string>image.png</string>
			<key>path</key>
			<string>win_9.png</string>
			<key>sourceTree</key>
			<string>&lt;group&gt;</string>
		</dict>
		<key>171AE0B817994242005149FC</key>
		<dict>
			<key>isa</key>
			<string>PBXFileReference</string>
			<key>lastKnownFileType</key>
			<string>image.png</string>
			<key>path</key>
			<string>win_10.png</string>
			<key>sourceTree</key>
			<string>&lt;group&gt;</string>
		</dict>
		<key>171AE0B917994242005149FC</key>
		<dict>
			<key>isa</key>
			<string>PBXFileReference</string>
			<key>lastKnownFileType</key>
			<string>image.png</string>
			<key>path</key>
			<string>win_11.png</string>
			<key>sourceTree</key>
			<string>&lt;group&gt;</string>
		</dict>
		<key>171AE0BA17994242005149FC</key>
		<dict>
			<key>isa</key>
			<string>PBXFileReference</string>
			<key>lastKnownFileType</key>
			<string>image.png</string>
			<key>path</key>
			<string>win_12.png</string>
			<key>sourceTree</key>
			<string>&lt;group&gt;</string>
		</dict>
		<key>171AE0BB17994242005149FC</key>
		<dict>
			<key>isa</key>
			<string>PBXFileReference</string>
			<key>lastKnownFileType</key>
			<string>image.png</string>
			<key>path</key>
			<string>win_13.png</string>
			<key>sourceTree</key>
			<string>&lt;group&gt;</string>
		</dict>
		<key>171AE0BC17994242005149FC</key>
		<dict>
			<key>isa</key>
			<string>PBXFileReference</string>
			<key>lastKnownFileType</key>
			<string>image.png</string>
			<key>path</key>
			<string>win_14.png</string>
			<key>sourceTree</key>
			<string>&lt;group&gt;</string>
		</dict>
		<key>171AE0BD17994242005149FC</key>
		<dict>
			<key>isa</key>
			<string>PBXFileReference</string>
			<key>lastKnownFileType</key>
			<string>image.png</string>
			<key>path</key>
			<string>win_15.png</string>
			<key>sourceTree</key>
			<string>&lt;group&gt;</string>
		</dict>
		<key>171AE0BE17994242005149FC</key>
		<dict>
			<key>isa</key>
			<string>PBXFileReference</string>
			<key>lastKnownFileType</key>
			<string>image.png</string>
			<key>path</key>
			<string>win_16.png</string>
			<key>sourceTree</key>
			<string>&lt;group&gt;</string>
		</dict>
		<key>171AE0BF17994242005149FC</key>
		<dict>
			<key>fileRef</key>
			<string>171AE0AF17994242005149FC</string>
			<key>isa</key>
			<string>PBXBuildFile</string>
		</dict>
		<key>171AE0C017994242005149FC</key>
		<dict>
			<key>fileRef</key>
			<string>171AE0B017994242005149FC</string>
			<key>isa</key>
			<string>PBXBuildFile</string>
		</dict>
		<key>171AE0C117994242005149FC</key>
		<dict>
			<key>fileRef</key>
			<string>171AE0B117994242005149FC</string>
			<key>isa</key>
			<string>PBXBuildFile</string>
		</dict>
		<key>171AE0C217994242005149FC</key>
		<dict>
			<key>fileRef</key>
			<string>171AE0B217994242005149FC</string>
			<key>isa</key>
			<string>PBXBuildFile</string>
		</dict>
		<key>171AE0C317994242005149FC</key>
		<dict>
			<key>fileRef</key>
			<string>171AE0B317994242005149FC</string>
			<key>isa</key>
			<string>PBXBuildFile</string>
		</dict>
		<key>171AE0C417994242005149FC</key>
		<dict>
			<key>fileRef</key>
			<string>171AE0B417994242005149FC</string>
			<key>isa</key>
			<string>PBXBuildFile</string>
		</dict>
		<key>171AE0C517994242005149FC</key>
		<dict>
			<key>fileRef</key>
			<string>171AE0B517994242005149FC</string>
			<key>isa</key>
			<string>PBXBuildFile</string>
		</dict>
		<key>171AE0C617994242005149FC</key>
		<dict>
			<key>fileRef</key>
			<string>171AE0B617994242005149FC</string>
			<key>isa</key>
			<string>PBXBuildFile</string>
		</dict>
		<key>171AE0C717994242005149FC</key>
		<dict>
			<key>fileRef</key>
			<string>171AE0B717994242005149FC</string>
			<key>isa</key>
			<string>PBXBuildFile</string>
		</dict>
		<key>171AE0C817994242005149FC</key>
		<dict>
			<key>fileRef</key>
			<string>171AE0B817994242005149FC</string>
			<key>isa</key>
			<string>PBXBuildFile</string>
		</dict>
		<key>171AE0C917994242005149FC</key>
		<dict>
			<key>fileRef</key>
			<string>171AE0B917994242005149FC</string>
			<key>isa</key>
			<string>PBXBuildFile</string>
		</dict>
		<key>171AE0CA17994242005149FC</key>
		<dict>
			<key>fileRef</key>
			<string>171AE0BA17994242005149FC</string>
			<key>isa</key>
			<string>PBXBuildFile</string>
		</dict>
		<key>171AE0CB17994242005149FC</key>
		<dict>
			<key>fileRef</key>
			<string>171AE0BB17994242005149FC</string>
			<key>isa</key>
			<string>PBXBuildFile</string>
		</dict>
		<key>171AE0CC17994242005149FC</key>
		<dict>
			<key>fileRef</key>
			<string>171AE0BC17994242005149FC</string>
			<key>isa</key>
			<string>PBXBuildFile</string>
		</dict>
		<key>171AE0CD17994242005149FC</key>
		<dict>
			<key>fileRef</key>
			<string>171AE0BD17994242005149FC</string>
			<key>isa</key>
			<string>PBXBuildFile</string>
		</dict>
		<key>171AE0CE17994242005149FC</key>
		<dict>
			<key>fileRef</key>
			<string>171AE0BE17994242005149FC</string>
			<key>isa</key>
			<string>PBXBuildFile</string>
		</dict>
		<key>1742EBB01797F3F600CCDDE8</key>
		<dict>
			<key>children</key>
			<array>
				<string>9FEBB98517990DC70015EBD7</string>
				<string>179F3A85179823F100E1EC32</string>
				<string>9FEAD67A17991B49001DD2D1</string>
				<string>9FEAD67B17991B49001DD2D1</string>
				<string>9FEAD67C17991B49001DD2D1</string>
				<string>9FEAD67D17991B49001DD2D1</string>
				<string>179F3A83179823ED00E1EC32</string>
				<string>1742EBC51797F3F600CCDDE8</string>
				<string>1742EBE31797F3F600CCDDE8</string>
				<string>1742EBBE1797F3F600CCDDE8</string>
				<string>1742EBBC1797F3F600CCDDE8</string>
				<string>71F385E3DE9C4FF6A94B4315</string>
			</array>
			<key>isa</key>
			<string>PBXGroup</string>
			<key>sourceTree</key>
			<string>&lt;group&gt;</string>
		</dict>
		<key>1742EBB21797F3F600CCDDE8</key>
		<dict>
			<key>attributes</key>
			<dict>
				<key>LastUpgradeCheck</key>
				<string>0420</string>
				<key>ORGANIZATIONNAME</key>
				<string>ralobba@gmail.com</string>
			</dict>
			<key>buildConfigurationList</key>
			<string>1742EBB51797F3F600CCDDE8</string>
			<key>compatibilityVersion</key>
			<string>Xcode 3.2</string>
			<key>developmentRegion</key>
			<string>English</string>
			<key>hasScannedForEncodings</key>
			<string>0</string>
			<key>isa</key>
			<string>PBXProject</string>
			<key>knownRegions</key>
			<array>
				<string>en</string>
			</array>
			<key>mainGroup</key>
			<string>1742EBB01797F3F600CCDDE8</string>
			<key>productRefGroup</key>
			<string>1742EBBC1797F3F600CCDDE8</string>
			<key>projectDirPath</key>
			<string></string>
			<key>projectReferences</key>
			<array/>
			<key>projectRoot</key>
			<string></string>
			<key>targets</key>
			<array>
				<string>1742EBBA1797F3F600CCDDE8</string>
				<string>1742EBDB1797F3F600CCDDE8</string>
			</array>
		</dict>
		<key>1742EBB51797F3F600CCDDE8</key>
		<dict>
			<key>buildConfigurations</key>
			<array>
				<string>1742EBEC1797F3F600CCDDE8</string>
				<string>1742EBED1797F3F600CCDDE8</string>
			</array>
			<key>defaultConfigurationIsVisible</key>
			<string>0</string>
			<key>defaultConfigurationName</key>
			<string>Release</string>
			<key>isa</key>
			<string>XCConfigurationList</string>
		</dict>
		<key>1742EBB71797F3F600CCDDE8</key>
		<dict>
			<key>buildActionMask</key>
			<string>2147483647</string>
			<key>files</key>
			<array>
				<string>1742EBCC1797F3F600CCDDE8</string>
				<string>1742EBD01797F3F600CCDDE8</string>
				<string>1742EBD31797F3F600CCDDE8</string>
				<string>1742EBFC1797F67200CCDDE8</string>
				<string>1742EBFF1797F68F00CCDDE8</string>
				<string>1742EC031797F9D900CCDDE8</string>
				<string>1742EC081797FA1800CCDDE8</string>
				<string>1742EC0D1797FA7C00CCDDE8</string>
				<string>9FEBB98017990C950015EBD7</string>
				<string>9FEBB98117990C950015EBD7</string>
				<string>9FEBB98217990C950015EBD7</string>
				<string>9FEBB98317990C950015EBD7</string>
				<string>9FEBB98417990C950015EBD7</string>
			</array>
			<key>isa</key>
			<string>PBXSourcesBuildPhase</string>
			<key>runOnlyForDeploymentPostprocessing</key>
			<string>0</string>
		</dict>
		<key>1742EBB81797F3F600CCDDE8</key>
		<dict>
			<key>buildActionMask</key>
			<string>2147483647</string>
			<key>files</key>
			<array>
				<string>9FEBB98617990DC70015EBD7</string>
				<string>D1D84A2B17982C9000F605A5</string>
				<string>1742EBC01797F3F600CCDDE8</string>
				<string>1742EBC21797F3F600CCDDE8</string>
				<string>1742EBC41797F3F600CCDDE8</string>
				<string>8822EBE85A194160AE6A3511</string>
			</array>
			<key>isa</key>
			<string>PBXFrameworksBuildPhase</string>
			<key>runOnlyForDeploymentPostprocessing</key>
			<string>0</string>
		</dict>
		<key>1742EBB91797F3F600CCDDE8</key>
		<dict>
			<key>buildActionMask</key>
			<string>2147483647</string>
			<key>files</key>
			<array>
				<string>1742EBCA1797F3F600CCDDE8</string>
				<string>1742EBD61797F3F600CCDDE8</string>
				<string>1742EC041797F9D900CCDDE8</string>
				<string>1742EC091797FA1800CCDDE8</string>
				<string>1742EC0E1797FA7C00CCDDE8</string>
				<string>1742ED3717980FFF00CCDDE8</string>
				<string>1742ED3817980FFF00CCDDE8</string>
				<string>1742ED3917980FFF00CCDDE8</string>
				<string>1742ED3A17980FFF00CCDDE8</string>
				<string>1742ED3B17980FFF00CCDDE8</string>
				<string>1742ED3C17980FFF00CCDDE8</string>
				<string>1742ED3D17980FFF00CCDDE8</string>
				<string>1742ED3E17980FFF00CCDDE8</string>
				<string>1742ED3F17980FFF00CCDDE8</string>
				<string>1742ED4017980FFF00CCDDE8</string>
				<string>1742ED4117980FFF00CCDDE8</string>
				<string>1742ED4217980FFF00CCDDE8</string>
				<string>1742ED4317980FFF00CCDDE8</string>
				<string>1742ED4417980FFF00CCDDE8</string>
				<string>1742ED4517980FFF00CCDDE8</string>
				<string>1742ED4617980FFF00CCDDE8</string>
				<string>1742ED4717980FFF00CCDDE8</string>
				<string>1742ED4817980FFF00CCDDE8</string>
				<string>1742ED4917980FFF00CCDDE8</string>
				<string>1742ED4A17980FFF00CCDDE8</string>
				<string>1742ED4B17980FFF00CCDDE8</string>
				<string>1742ED4C17980FFF00CCDDE8</string>
				<string>1742ED4D17980FFF00CCDDE8</string>
				<string>1742ED4E17980FFF00CCDDE8</string>
				<string>1742ED4F17980FFF00CCDDE8</string>
				<string>1742ED5017980FFF00CCDDE8</string>
				<string>1742ED5117980FFF00CCDDE8</string>
				<string>1742ED5217980FFF00CCDDE8</string>
				<string>1742ED5317980FFF00CCDDE8</string>
				<string>1742ED5417980FFF00CCDDE8</string>
				<string>1742ED5517980FFF00CCDDE8</string>
				<string>1742ED5617980FFF00CCDDE8</string>
				<string>1742ED5717980FFF00CCDDE8</string>
				<string>1742ED5817980FFF00CCDDE8</string>
				<string>1742ED5917980FFF00CCDDE8</string>
				<string>1742ED5A17980FFF00CCDDE8</string>
				<string>1742ED5B17980FFF00CCDDE8</string>
				<string>1742ED5C17980FFF00CCDDE8</string>
				<string>1742ED5D17980FFF00CCDDE8</string>
				<string>1742ED5E17980FFF00CCDDE8</string>
				<string>1742ED5F17980FFF00CCDDE8</string>
				<string>1742ED6017980FFF00CCDDE8</string>
				<string>1742ED6117980FFF00CCDDE8</string>
				<string>1742ED6217980FFF00CCDDE8</string>
				<string>1742ED6317980FFF00CCDDE8</string>
				<string>1742ED6417980FFF00CCDDE8</string>
				<string>1742ED6517980FFF00CCDDE8</string>
				<string>1742ED6617980FFF00CCDDE8</string>
				<string>1742ED6717980FFF00CCDDE8</string>
				<string>1742ED6817980FFF00CCDDE8</string>
				<string>1742ED6917980FFF00CCDDE8</string>
				<string>1742ED6A17980FFF00CCDDE8</string>
				<string>1742ED6C17981D1000CCDDE8</string>
				<string>179F3A84179823ED00E1EC32</string>
				<string>179F3A86179823F100E1EC32</string>
				<string>179F3A8F17982A7500E1EC32</string>
				<string>179F3A9017982A7500E1EC32</string>
				<string>179F3A9117982A7500E1EC32</string>
				<string>179F3A9217982A7500E1EC32</string>
				<string>179F3A9317982A7500E1EC32</string>
				<string>179F3A9417982A7500E1EC32</string>
				<string>179F3A9517982A7500E1EC32</string>
				<string>179F3A9617982A7500E1EC32</string>
				<string>9FEBB9731798FD740015EBD7</string>
				<string>9FEAD67E17991B49001DD2D1</string>
				<string>9FEAD67F17991B49001DD2D1</string>
				<string>9FEAD68017991B49001DD2D1</string>
				<string>9FEAD68117991B49001DD2D1</string>
				<string>171AE07A179930DD005149FC</string>
				<string>171AE07B179930DD005149FC</string>
				<string>171AE07C179930DD005149FC</string>
				<string>171AE08117993792005149FC</string>
				<string>171AE08217993792005149FC</string>
				<string>171AE08317993792005149FC</string>
				<string>171AE08417993792005149FC</string>
				<string>171AE08A179937A3005149FC</string>
				<string>171AE08B179937A3005149FC</string>
				<string>171AE08C179937A3005149FC</string>
				<string>171AE08D179937A3005149FC</string>
				<string>171AE08E179937A3005149FC</string>
				<string>171AE0BF17994242005149FC</string>
				<string>171AE0C017994242005149FC</string>
				<string>171AE0C117994242005149FC</string>
				<string>171AE0C217994242005149FC</string>
				<string>171AE0C317994242005149FC</string>
				<string>171AE0C417994242005149FC</string>
				<string>171AE0C517994242005149FC</string>
				<string>171AE0C617994242005149FC</string>
				<string>171AE0C717994242005149FC</string>
				<string>171AE0C817994242005149FC</string>
				<string>171AE0C917994242005149FC</string>
				<string>171AE0CA17994242005149FC</string>
				<string>171AE0CB17994242005149FC</string>
				<string>171AE0CC17994242005149FC</string>
				<string>171AE0CD17994242005149FC</string>
				<string>171AE0CE17994242005149FC</string>
			</array>
			<key>isa</key>
			<string>PBXResourcesBuildPhase</string>
			<key>runOnlyForDeploymentPostprocessing</key>
			<string>0</string>
		</dict>
		<key>1742EBBA1797F3F600CCDDE8</key>
		<dict>
			<key>buildConfigurationList</key>
			<string>1742EBEE1797F3F600CCDDE8</string>
			<key>buildPhases</key>
			<array>
				<string>99609021EBCF43DEBBEAE86F</string>
				<string>1742EBB71797F3F600CCDDE8</string>
				<string>1742EBB81797F3F600CCDDE8</string>
				<string>1742EBB91797F3F600CCDDE8</string>
				<string>51005A1DDB3F48DFA9409633</string>
			</array>
			<key>buildRules</key>
			<array/>
			<key>dependencies</key>
			<array/>
			<key>isa</key>
			<string>PBXNativeTarget</string>
			<key>name</key>
			<string>RandomPickerGenerator</string>
			<key>productName</key>
			<string>RandomPickerGenerator</string>
			<key>productReference</key>
			<string>1742EBBB1797F3F600CCDDE8</string>
			<key>productType</key>
			<string>com.apple.product-type.application</string>
		</dict>
		<key>1742EBBB1797F3F600CCDDE8</key>
		<dict>
			<key>explicitFileType</key>
			<string>wrapper.application</string>
			<key>includeInIndex</key>
			<string>0</string>
			<key>isa</key>
			<string>PBXFileReference</string>
			<key>path</key>
			<string>RandomPickerGenerator.app</string>
			<key>sourceTree</key>
			<string>BUILT_PRODUCTS_DIR</string>
		</dict>
		<key>1742EBBC1797F3F600CCDDE8</key>
		<dict>
			<key>children</key>
			<array>
				<string>1742EBBB1797F3F600CCDDE8</string>
				<string>1742EBDC1797F3F600CCDDE8</string>
			</array>
			<key>isa</key>
			<string>PBXGroup</string>
			<key>name</key>
			<string>Products</string>
			<key>sourceTree</key>
			<string>&lt;group&gt;</string>
		</dict>
		<key>1742EBBE1797F3F600CCDDE8</key>
		<dict>
			<key>children</key>
			<array>
				<string>D1D84A2A17982C9000F605A5</string>
				<string>1742EBBF1797F3F600CCDDE8</string>
				<string>1742EBC11797F3F600CCDDE8</string>
				<string>1742EBC31797F3F600CCDDE8</string>
				<string>1742EBDD1797F3F600CCDDE8</string>
				<string>18B07D6D065B4699BBAE681D</string>
			</array>
			<key>isa</key>
			<string>PBXGroup</string>
			<key>name</key>
			<string>Frameworks</string>
			<key>sourceTree</key>
			<string>&lt;group&gt;</string>
		</dict>
		<key>1742EBBF1797F3F600CCDDE8</key>
		<dict>
			<key>isa</key>
			<string>PBXFileReference</string>
			<key>lastKnownFileType</key>
			<string>wrapper.framework</string>
			<key>name</key>
			<string>UIKit.framework</string>
			<key>path</key>
			<string>System/Library/Frameworks/UIKit.framework</string>
			<key>sourceTree</key>
			<string>SDKROOT</string>
		</dict>
		<key>1742EBC01797F3F600CCDDE8</key>
		<dict>
			<key>fileRef</key>
			<string>1742EBBF1797F3F600CCDDE8</string>
			<key>isa</key>
			<string>PBXBuildFile</string>
		</dict>
		<key>1742EBC11797F3F600CCDDE8</key>
		<dict>
			<key>isa</key>
			<string>PBXFileReference</string>
			<key>lastKnownFileType</key>
			<string>wrapper.framework</string>
			<key>name</key>
			<string>Foundation.framework</string>
			<key>path</key>
			<string>System/Library/Frameworks/Foundation.framework</string>
			<key>sourceTree</key>
			<string>SDKROOT</string>
		</dict>
		<key>1742EBC21797F3F600CCDDE8</key>
		<dict>
			<key>fileRef</key>
			<string>1742EBC11797F3F600CCDDE8</string>
			<key>isa</key>
			<string>PBXBuildFile</string>
		</dict>
		<key>1742EBC31797F3F600CCDDE8</key>
		<dict>
			<key>isa</key>
			<string>PBXFileReference</string>
			<key>lastKnownFileType</key>
			<string>wrapper.framework</string>
			<key>name</key>
			<string>CoreGraphics.framework</string>
			<key>path</key>
			<string>System/Library/Frameworks/CoreGraphics.framework</string>
			<key>sourceTree</key>
			<string>SDKROOT</string>
		</dict>
		<key>1742EBC41797F3F600CCDDE8</key>
		<dict>
			<key>fileRef</key>
			<string>1742EBC31797F3F600CCDDE8</string>
			<key>isa</key>
			<string>PBXBuildFile</string>
		</dict>
		<key>1742EBC51797F3F600CCDDE8</key>
		<dict>
			<key>children</key>
			<array>
				<string>9FEBB97417990C720015EBD7</string>
				<string>1742ED0217980FFF00CCDDE8</string>
				<string>D1D849CD1797FC0F00F605A5</string>
				<string>1742EBF81797F64800CCDDE8</string>
				<string>1742EBCE1797F3F600CCDDE8</string>
				<string>1742EBCF1797F3F600CCDDE8</string>
				<string>1742EBC61797F3F600CCDDE8</string>
			</array>
			<key>isa</key>
			<string>PBXGroup</string>
			<key>path</key>
			<string>RandomPickerGenerator</string>
			<key>sourceTree</key>
			<string>&lt;group&gt;</string>
		</dict>
		<key>1742EBC61797F3F600CCDDE8</key>
		<dict>
			<key>children</key>
			<array>
				<string>1742EBC71797F3F600CCDDE8</string>
				<string>1742EBC81797F3F600CCDDE8</string>
				<string>1742EBCB1797F3F600CCDDE8</string>
				<string>1742EBCD1797F3F600CCDDE8</string>
			</array>
			<key>isa</key>
			<string>PBXGroup</string>
			<key>name</key>
			<string>Supporting Files</string>
			<key>sourceTree</key>
			<string>&lt;group&gt;</string>
		</dict>
		<key>1742EBC71797F3F600CCDDE8</key>
		<dict>
			<key>isa</key>
			<string>PBXFileReference</string>
			<key>lastKnownFileType</key>
			<string>text.plist.xml</string>
			<key>path</key>
			<string>RandomPickerGenerator-Info.plist</string>
			<key>sourceTree</key>
			<string>&lt;group&gt;</string>
		</dict>
		<key>1742EBC81797F3F600CCDDE8</key>
		<dict>
			<key>children</key>
			<array>
				<string>1742EBC91797F3F600CCDDE8</string>
			</array>
			<key>isa</key>
			<string>PBXVariantGroup</string>
			<key>name</key>
			<string>InfoPlist.strings</string>
			<key>sourceTree</key>
			<string>&lt;group&gt;</string>
		</dict>
		<key>1742EBC91797F3F600CCDDE8</key>
		<dict>
			<key>isa</key>
			<string>PBXFileReference</string>
			<key>lastKnownFileType</key>
			<string>text.plist.strings</string>
			<key>name</key>
			<string>en</string>
			<key>path</key>
			<string>en.lproj/InfoPlist.strings</string>
			<key>sourceTree</key>
			<string>&lt;group&gt;</string>
		</dict>
		<key>1742EBCA1797F3F600CCDDE8</key>
		<dict>
			<key>fileRef</key>
			<string>1742EBC81797F3F600CCDDE8</string>
			<key>isa</key>
			<string>PBXBuildFile</string>
		</dict>
		<key>1742EBCB1797F3F600CCDDE8</key>
		<dict>
			<key>isa</key>
			<string>PBXFileReference</string>
			<key>lastKnownFileType</key>
			<string>sourcecode.c.objc</string>
			<key>path</key>
			<string>main.m</string>
			<key>sourceTree</key>
			<string>&lt;group&gt;</string>
		</dict>
		<key>1742EBCC1797F3F600CCDDE8</key>
		<dict>
			<key>fileRef</key>
			<string>1742EBCB1797F3F600CCDDE8</string>
			<key>isa</key>
			<string>PBXBuildFile</string>
		</dict>
		<key>1742EBCD1797F3F600CCDDE8</key>
		<dict>
			<key>isa</key>
			<string>PBXFileReference</string>
			<key>lastKnownFileType</key>
			<string>sourcecode.c.h</string>
			<key>path</key>
			<string>RandomPickerGenerator-Prefix.pch</string>
			<key>sourceTree</key>
			<string>&lt;group&gt;</string>
		</dict>
		<key>1742EBCE1797F3F600CCDDE8</key>
		<dict>
			<key>isa</key>
			<string>PBXFileReference</string>
			<key>lastKnownFileType</key>
			<string>sourcecode.c.h</string>
			<key>path</key>
			<string>AppDelegate.h</string>
			<key>sourceTree</key>
			<string>&lt;group&gt;</string>
		</dict>
		<key>1742EBCF1797F3F600CCDDE8</key>
		<dict>
			<key>isa</key>
			<string>PBXFileReference</string>
			<key>lastKnownFileType</key>
			<string>sourcecode.c.objc</string>
			<key>path</key>
			<string>AppDelegate.m</string>
			<key>sourceTree</key>
			<string>&lt;group&gt;</string>
		</dict>
		<key>1742EBD01797F3F600CCDDE8</key>
		<dict>
			<key>fileRef</key>
			<string>1742EBCF1797F3F600CCDDE8</string>
			<key>isa</key>
			<string>PBXBuildFile</string>
		</dict>
		<key>1742EBD11797F3F600CCDDE8</key>
		<dict>
			<key>isa</key>
			<string>PBXFileReference</string>
			<key>lastKnownFileType</key>
			<string>sourcecode.c.h</string>
			<key>path</key>
			<string>LaunchPageViewController.h</string>
			<key>sourceTree</key>
			<string>&lt;group&gt;</string>
		</dict>
		<key>1742EBD21797F3F600CCDDE8</key>
		<dict>
			<key>isa</key>
			<string>PBXFileReference</string>
			<key>lastKnownFileType</key>
			<string>sourcecode.c.objc</string>
			<key>path</key>
			<string>LaunchPageViewController.m</string>
			<key>sourceTree</key>
			<string>&lt;group&gt;</string>
		</dict>
		<key>1742EBD31797F3F600CCDDE8</key>
		<dict>
			<key>fileRef</key>
			<string>1742EBD21797F3F600CCDDE8</string>
			<key>isa</key>
			<string>PBXBuildFile</string>
		</dict>
		<key>1742EBD41797F3F600CCDDE8</key>
		<dict>
			<key>children</key>
			<array>
				<string>1742EBD51797F3F600CCDDE8</string>
			</array>
			<key>isa</key>
			<string>PBXVariantGroup</string>
			<key>name</key>
			<string>LaunchPageViewController.xib</string>
			<key>sourceTree</key>
			<string>&lt;group&gt;</string>
		</dict>
		<key>1742EBD51797F3F600CCDDE8</key>
		<dict>
			<key>isa</key>
			<string>PBXFileReference</string>
			<key>lastKnownFileType</key>
			<string>file.xib</string>
			<key>name</key>
			<string>en</string>
			<key>path</key>
			<string>en.lproj/LaunchPageViewController.xib</string>
			<key>sourceTree</key>
			<string>&lt;group&gt;</string>
		</dict>
		<key>1742EBD61797F3F600CCDDE8</key>
		<dict>
			<key>fileRef</key>
			<string>1742EBD41797F3F600CCDDE8</string>
			<key>isa</key>
			<string>PBXBuildFile</string>
		</dict>
		<key>1742EBD71797F3F600CCDDE8</key>
		<dict>
			<key>buildActionMask</key>
			<string>2147483647</string>
			<key>files</key>
			<array>
				<string>1742EBEB1797F3F600CCDDE8</string>
			</array>
			<key>isa</key>
			<string>PBXSourcesBuildPhase</string>
			<key>runOnlyForDeploymentPostprocessing</key>
			<string>0</string>
		</dict>
		<key>1742EBD81797F3F600CCDDE8</key>
		<dict>
			<key>buildActionMask</key>
			<string>2147483647</string>
			<key>files</key>
			<array>
				<string>1742EBDE1797F3F600CCDDE8</string>
				<string>1742EBDF1797F3F600CCDDE8</string>
				<string>1742EBE01797F3F600CCDDE8</string>
			</array>
			<key>isa</key>
			<string>PBXFrameworksBuildPhase</string>
			<key>runOnlyForDeploymentPostprocessing</key>
			<string>0</string>
		</dict>
		<key>1742EBD91797F3F600CCDDE8</key>
		<dict>
			<key>buildActionMask</key>
			<string>2147483647</string>
			<key>files</key>
			<array>
				<string>1742EBE81797F3F600CCDDE8</string>
			</array>
			<key>isa</key>
			<string>PBXResourcesBuildPhase</string>
			<key>runOnlyForDeploymentPostprocessing</key>
			<string>0</string>
		</dict>
		<key>1742EBDA1797F3F600CCDDE8</key>
		<dict>
			<key>buildActionMask</key>
			<string>2147483647</string>
			<key>files</key>
			<array/>
			<key>inputPaths</key>
			<array/>
			<key>isa</key>
			<string>PBXShellScriptBuildPhase</string>
			<key>outputPaths</key>
			<array/>
			<key>runOnlyForDeploymentPostprocessing</key>
			<string>0</string>
			<key>shellPath</key>
			<string>/bin/sh</string>
			<key>shellScript</key>
			<string># Run the unit tests in this test bundle.
"${SYSTEM_DEVELOPER_DIR}/Tools/RunUnitTests"
</string>
		</dict>
		<key>1742EBDB1797F3F600CCDDE8</key>
		<dict>
			<key>buildConfigurationList</key>
			<string>1742EBF11797F3F600CCDDE8</string>
			<key>buildPhases</key>
			<array>
				<string>1742EBD71797F3F600CCDDE8</string>
				<string>1742EBD81797F3F600CCDDE8</string>
				<string>1742EBD91797F3F600CCDDE8</string>
				<string>1742EBDA1797F3F600CCDDE8</string>
			</array>
			<key>buildRules</key>
			<array/>
			<key>dependencies</key>
			<array>
				<string>1742EBE21797F3F600CCDDE8</string>
			</array>
			<key>isa</key>
			<string>PBXNativeTarget</string>
			<key>name</key>
			<string>RandomPickerGeneratorTests</string>
			<key>productName</key>
			<string>RandomPickerGeneratorTests</string>
			<key>productReference</key>
			<string>1742EBDC1797F3F600CCDDE8</string>
			<key>productType</key>
			<string>com.apple.product-type.bundle</string>
		</dict>
		<key>1742EBDC1797F3F600CCDDE8</key>
		<dict>
			<key>explicitFileType</key>
			<string>wrapper.cfbundle</string>
			<key>includeInIndex</key>
			<string>0</string>
			<key>isa</key>
			<string>PBXFileReference</string>
			<key>path</key>
			<string>RandomPickerGeneratorTests.octest</string>
			<key>sourceTree</key>
			<string>BUILT_PRODUCTS_DIR</string>
		</dict>
		<key>1742EBDD1797F3F600CCDDE8</key>
		<dict>
			<key>isa</key>
			<string>PBXFileReference</string>
			<key>lastKnownFileType</key>
			<string>wrapper.framework</string>
			<key>name</key>
			<string>SenTestingKit.framework</string>
			<key>path</key>
			<string>Library/Frameworks/SenTestingKit.framework</string>
			<key>sourceTree</key>
			<string>DEVELOPER_DIR</string>
		</dict>
		<key>1742EBDE1797F3F600CCDDE8</key>
		<dict>
			<key>fileRef</key>
			<string>1742EBDD1797F3F600CCDDE8</string>
			<key>isa</key>
			<string>PBXBuildFile</string>
		</dict>
		<key>1742EBDF1797F3F600CCDDE8</key>
		<dict>
			<key>fileRef</key>
			<string>1742EBBF1797F3F600CCDDE8</string>
			<key>isa</key>
			<string>PBXBuildFile</string>
		</dict>
		<key>1742EBE01797F3F600CCDDE8</key>
		<dict>
			<key>fileRef</key>
			<string>1742EBC11797F3F600CCDDE8</string>
			<key>isa</key>
			<string>PBXBuildFile</string>
		</dict>
		<key>1742EBE11797F3F600CCDDE8</key>
		<dict>
			<key>containerPortal</key>
			<string>1742EBB21797F3F600CCDDE8</string>
			<key>isa</key>
			<string>PBXContainerItemProxy</string>
			<key>proxyType</key>
			<string>1</string>
			<key>remoteGlobalIDString</key>
			<string>1742EBBA1797F3F600CCDDE8</string>
			<key>remoteInfo</key>
			<string>RandomPickerGenerator</string>
		</dict>
		<key>1742EBE21797F3F600CCDDE8</key>
		<dict>
			<key>isa</key>
			<string>PBXTargetDependency</string>
			<key>target</key>
			<string>1742EBBA1797F3F600CCDDE8</string>
			<key>targetProxy</key>
			<string>1742EBE11797F3F600CCDDE8</string>
		</dict>
		<key>1742EBE31797F3F600CCDDE8</key>
		<dict>
			<key>children</key>
			<array>
				<string>1742EBE91797F3F600CCDDE8</string>
				<string>1742EBEA1797F3F600CCDDE8</string>
				<string>1742EBE41797F3F600CCDDE8</string>
			</array>
			<key>isa</key>
			<string>PBXGroup</string>
			<key>path</key>
			<string>RandomPickerGeneratorTests</string>
			<key>sourceTree</key>
			<string>&lt;group&gt;</string>
		</dict>
		<key>1742EBE41797F3F600CCDDE8</key>
		<dict>
			<key>children</key>
			<array>
				<string>1742EBE51797F3F600CCDDE8</string>
				<string>1742EBE61797F3F600CCDDE8</string>
			</array>
			<key>isa</key>
			<string>PBXGroup</string>
			<key>name</key>
			<string>Supporting Files</string>
			<key>sourceTree</key>
			<string>&lt;group&gt;</string>
		</dict>
		<key>1742EBE51797F3F600CCDDE8</key>
		<dict>
			<key>isa</key>
			<string>PBXFileReference</string>
			<key>lastKnownFileType</key>
			<string>text.plist.xml</string>
			<key>path</key>
			<string>RandomPickerGeneratorTests-Info.plist</string>
			<key>sourceTree</key>
			<string>&lt;group&gt;</string>
		</dict>
		<key>1742EBE61797F3F600CCDDE8</key>
		<dict>
			<key>children</key>
			<array>
				<string>1742EBE71797F3F600CCDDE8</string>
			</array>
			<key>isa</key>
			<string>PBXVariantGroup</string>
			<key>name</key>
			<string>InfoPlist.strings</string>
			<key>sourceTree</key>
			<string>&lt;group&gt;</string>
		</dict>
		<key>1742EBE71797F3F600CCDDE8</key>
		<dict>
			<key>isa</key>
			<string>PBXFileReference</string>
			<key>lastKnownFileType</key>
			<string>text.plist.strings</string>
			<key>name</key>
			<string>en</string>
			<key>path</key>
			<string>en.lproj/InfoPlist.strings</string>
			<key>sourceTree</key>
			<string>&lt;group&gt;</string>
		</dict>
		<key>1742EBE81797F3F600CCDDE8</key>
		<dict>
			<key>fileRef</key>
			<string>1742EBE61797F3F600CCDDE8</string>
			<key>isa</key>
			<string>PBXBuildFile</string>
		</dict>
		<key>1742EBE91797F3F600CCDDE8</key>
		<dict>
			<key>isa</key>
			<string>PBXFileReference</string>
			<key>lastKnownFileType</key>
			<string>sourcecode.c.h</string>
			<key>path</key>
			<string>RandomPickerGeneratorTests.h</string>
			<key>sourceTree</key>
			<string>&lt;group&gt;</string>
		</dict>
		<key>1742EBEA1797F3F600CCDDE8</key>
		<dict>
			<key>isa</key>
			<string>PBXFileReference</string>
			<key>lastKnownFileType</key>
			<string>sourcecode.c.objc</string>
			<key>path</key>
			<string>RandomPickerGeneratorTests.m</string>
			<key>sourceTree</key>
			<string>&lt;group&gt;</string>
		</dict>
		<key>1742EBEB1797F3F600CCDDE8</key>
		<dict>
			<key>fileRef</key>
			<string>1742EBEA1797F3F600CCDDE8</string>
			<key>isa</key>
			<string>PBXBuildFile</string>
		</dict>
		<key>1742EBEC1797F3F600CCDDE8</key>
		<dict>
			<key>buildSettings</key>
			<dict>
				<key>ALWAYS_SEARCH_USER_PATHS</key>
				<string>NO</string>
				<key>ARCHS</key>
				<string>$(ARCHS_STANDARD_32_BIT)</string>
				<key>CODE_SIGN_IDENTITY[sdk=iphoneos*]</key>
				<string>iPhone Developer</string>
				<key>COPY_PHASE_STRIP</key>
				<string>NO</string>
				<key>GCC_C_LANGUAGE_STANDARD</key>
				<string>gnu99</string>
				<key>GCC_DYNAMIC_NO_PIC</key>
				<string>NO</string>
				<key>GCC_OPTIMIZATION_LEVEL</key>
				<string>0</string>
				<key>GCC_PREPROCESSOR_DEFINITIONS</key>
				<array>
					<string>DEBUG=1</string>
					<string>$(inherited)</string>
				</array>
				<key>GCC_SYMBOLS_PRIVATE_EXTERN</key>
				<string>NO</string>
				<key>GCC_VERSION</key>
				<string>com.apple.compilers.llvm.clang.1_0</string>
				<key>GCC_WARN_ABOUT_MISSING_PROTOTYPES</key>
				<string>YES</string>
				<key>GCC_WARN_ABOUT_RETURN_TYPE</key>
				<string>YES</string>
				<key>GCC_WARN_UNUSED_VARIABLE</key>
				<string>YES</string>
				<key>IPHONEOS_DEPLOYMENT_TARGET</key>
				<string>5.0</string>
				<key>SDKROOT</key>
				<string>iphoneos</string>
			</dict>
			<key>isa</key>
			<string>XCBuildConfiguration</string>
			<key>name</key>
			<string>Debug</string>
		</dict>
		<key>1742EBED1797F3F600CCDDE8</key>
		<dict>
			<key>buildSettings</key>
			<dict>
				<key>ALWAYS_SEARCH_USER_PATHS</key>
				<string>NO</string>
				<key>ARCHS</key>
				<string>$(ARCHS_STANDARD_32_BIT)</string>
				<key>CODE_SIGN_IDENTITY[sdk=iphoneos*]</key>
				<string>iPhone Developer</string>
				<key>COPY_PHASE_STRIP</key>
				<string>YES</string>
				<key>GCC_C_LANGUAGE_STANDARD</key>
				<string>gnu99</string>
				<key>GCC_VERSION</key>
				<string>com.apple.compilers.llvm.clang.1_0</string>
				<key>GCC_WARN_ABOUT_MISSING_PROTOTYPES</key>
				<string>YES</string>
				<key>GCC_WARN_ABOUT_RETURN_TYPE</key>
				<string>YES</string>
				<key>GCC_WARN_UNUSED_VARIABLE</key>
				<string>YES</string>
				<key>IPHONEOS_DEPLOYMENT_TARGET</key>
				<string>5.0</string>
				<key>OTHER_CFLAGS</key>
				<string>-DNS_BLOCK_ASSERTIONS=1</string>
				<key>SDKROOT</key>
				<string>iphoneos</string>
				<key>VALIDATE_PRODUCT</key>
				<string>YES</string>
			</dict>
			<key>isa</key>
			<string>XCBuildConfiguration</string>
			<key>name</key>
			<string>Release</string>
		</dict>
		<key>1742EBEE1797F3F600CCDDE8</key>
		<dict>
			<key>buildConfigurations</key>
			<array>
				<string>1742EBEF1797F3F600CCDDE8</string>
				<string>1742EBF01797F3F600CCDDE8</string>
			</array>
			<key>defaultConfigurationIsVisible</key>
			<string>0</string>
			<key>defaultConfigurationName</key>
			<string>Release</string>
			<key>isa</key>
			<string>XCConfigurationList</string>
		</dict>
		<key>1742EBEF1797F3F600CCDDE8</key>
		<dict>
			<key>baseConfigurationReference</key>
			<string>71F385E3DE9C4FF6A94B4315</string>
			<key>buildSettings</key>
			<dict>
				<key>GCC_PRECOMPILE_PREFIX_HEADER</key>
				<string>YES</string>
				<key>GCC_PREFIX_HEADER</key>
				<string>RandomPickerGenerator/RandomPickerGenerator-Prefix.pch</string>
				<key>INFOPLIST_FILE</key>
				<string>RandomPickerGenerator/RandomPickerGenerator-Info.plist</string>
				<key>PRODUCT_NAME</key>
				<string>$(TARGET_NAME)</string>
				<key>WRAPPER_EXTENSION</key>
				<string>app</string>
			</dict>
			<key>isa</key>
			<string>XCBuildConfiguration</string>
			<key>name</key>
			<string>Debug</string>
		</dict>
		<key>1742EBF01797F3F600CCDDE8</key>
		<dict>
			<key>baseConfigurationReference</key>
			<string>71F385E3DE9C4FF6A94B4315</string>
			<key>buildSettings</key>
			<dict>
				<key>GCC_PRECOMPILE_PREFIX_HEADER</key>
				<string>YES</string>
				<key>GCC_PREFIX_HEADER</key>
				<string>RandomPickerGenerator/RandomPickerGenerator-Prefix.pch</string>
				<key>INFOPLIST_FILE</key>
				<string>RandomPickerGenerator/RandomPickerGenerator-Info.plist</string>
				<key>PRODUCT_NAME</key>
				<string>$(TARGET_NAME)</string>
				<key>WRAPPER_EXTENSION</key>
				<string>app</string>
			</dict>
			<key>isa</key>
			<string>XCBuildConfiguration</string>
			<key>name</key>
			<string>Release</string>
		</dict>
		<key>1742EBF11797F3F600CCDDE8</key>
		<dict>
			<key>buildConfigurations</key>
			<array>
				<string>1742EBF21797F3F600CCDDE8</string>
				<string>1742EBF31797F3F600CCDDE8</string>
			</array>
			<key>defaultConfigurationIsVisible</key>
			<string>0</string>
			<key>defaultConfigurationName</key>
			<string>Release</string>
			<key>isa</key>
			<string>XCConfigurationList</string>
		</dict>
		<key>1742EBF21797F3F600CCDDE8</key>
		<dict>
			<key>buildSettings</key>
			<dict>
				<key>BUNDLE_LOADER</key>
				<string>$(BUILT_PRODUCTS_DIR)/RandomPickerGenerator.app/RandomPickerGenerator</string>
				<key>FRAMEWORK_SEARCH_PATHS</key>
				<array>
					<string>$(SDKROOT)/Developer/Library/Frameworks</string>
					<string>$(DEVELOPER_LIBRARY_DIR)/Frameworks</string>
				</array>
				<key>GCC_PRECOMPILE_PREFIX_HEADER</key>
				<string>YES</string>
				<key>GCC_PREFIX_HEADER</key>
				<string>RandomPickerGenerator/RandomPickerGenerator-Prefix.pch</string>
				<key>INFOPLIST_FILE</key>
				<string>RandomPickerGeneratorTests/RandomPickerGeneratorTests-Info.plist</string>
				<key>PRODUCT_NAME</key>
				<string>$(TARGET_NAME)</string>
				<key>TEST_HOST</key>
				<string>$(BUNDLE_LOADER)</string>
				<key>WRAPPER_EXTENSION</key>
				<string>octest</string>
			</dict>
			<key>isa</key>
			<string>XCBuildConfiguration</string>
			<key>name</key>
			<string>Debug</string>
		</dict>
		<key>1742EBF31797F3F600CCDDE8</key>
		<dict>
			<key>buildSettings</key>
			<dict>
				<key>BUNDLE_LOADER</key>
				<string>$(BUILT_PRODUCTS_DIR)/RandomPickerGenerator.app/RandomPickerGenerator</string>
				<key>FRAMEWORK_SEARCH_PATHS</key>
				<array>
					<string>$(SDKROOT)/Developer/Library/Frameworks</string>
					<string>$(DEVELOPER_LIBRARY_DIR)/Frameworks</string>
				</array>
				<key>GCC_PRECOMPILE_PREFIX_HEADER</key>
				<string>YES</string>
				<key>GCC_PREFIX_HEADER</key>
				<string>RandomPickerGenerator/RandomPickerGenerator-Prefix.pch</string>
				<key>INFOPLIST_FILE</key>
				<string>RandomPickerGeneratorTests/RandomPickerGeneratorTests-Info.plist</string>
				<key>PRODUCT_NAME</key>
				<string>$(TARGET_NAME)</string>
				<key>TEST_HOST</key>
				<string>$(BUNDLE_LOADER)</string>
				<key>WRAPPER_EXTENSION</key>
				<string>octest</string>
			</dict>
			<key>isa</key>
			<string>XCBuildConfiguration</string>
			<key>name</key>
			<string>Release</string>
		</dict>
		<key>1742EBF81797F64800CCDDE8</key>
		<dict>
			<key>children</key>
			<array>
				<string>1742EBFA1797F67200CCDDE8</string>
				<string>1742EBFB1797F67200CCDDE8</string>
				<string>1742EBFD1797F68F00CCDDE8</string>
				<string>1742EBFE1797F68F00CCDDE8</string>
			</array>
			<key>isa</key>
			<string>PBXGroup</string>
			<key>name</key>
			<string>Classes</string>
			<key>sourceTree</key>
			<string>&lt;group&gt;</string>
		</dict>
		<key>1742EBFA1797F67200CCDDE8</key>
		<dict>
			<key>fileEncoding</key>
			<string>4</string>
			<key>isa</key>
			<string>PBXFileReference</string>
			<key>lastKnownFileType</key>
			<string>sourcecode.c.h</string>
			<key>path</key>
			<string>RandomElement.h</string>
			<key>sourceTree</key>
			<string>&lt;group&gt;</string>
		</dict>
		<key>1742EBFB1797F67200CCDDE8</key>
		<dict>
			<key>fileEncoding</key>
			<string>4</string>
			<key>isa</key>
			<string>PBXFileReference</string>
			<key>lastKnownFileType</key>
			<string>sourcecode.c.objc</string>
			<key>path</key>
			<string>RandomElement.m</string>
			<key>sourceTree</key>
			<string>&lt;group&gt;</string>
		</dict>
		<key>1742EBFC1797F67200CCDDE8</key>
		<dict>
			<key>fileRef</key>
			<string>1742EBFB1797F67200CCDDE8</string>
			<key>isa</key>
			<string>PBXBuildFile</string>
		</dict>
		<key>1742EBFD1797F68F00CCDDE8</key>
		<dict>
			<key>fileEncoding</key>
			<string>4</string>
			<key>isa</key>
			<string>PBXFileReference</string>
			<key>lastKnownFileType</key>
			<string>sourcecode.c.h</string>
			<key>path</key>
			<string>RandomElementCollection.h</string>
			<key>sourceTree</key>
			<string>&lt;group&gt;</string>
		</dict>
		<key>1742EBFE1797F68F00CCDDE8</key>
		<dict>
			<key>fileEncoding</key>
			<string>4</string>
			<key>isa</key>
			<string>PBXFileReference</string>
			<key>lastKnownFileType</key>
			<string>sourcecode.c.objc</string>
			<key>path</key>
			<string>RandomElementCollection.m</string>
			<key>sourceTree</key>
			<string>&lt;group&gt;</string>
		</dict>
		<key>1742EBFF1797F68F00CCDDE8</key>
		<dict>
			<key>fileRef</key>
			<string>1742EBFE1797F68F00CCDDE8</string>
			<key>isa</key>
			<string>PBXBuildFile</string>
		</dict>
		<key>1742EC001797F9D900CCDDE8</key>
		<dict>
			<key>fileEncoding</key>
			<string>4</string>
			<key>isa</key>
			<string>PBXFileReference</string>
			<key>lastKnownFileType</key>
			<string>sourcecode.c.h</string>
			<key>path</key>
			<string>ResultsViewController.h</string>
			<key>sourceTree</key>
			<string>SOURCE_ROOT</string>
		</dict>
		<key>1742EC011797F9D900CCDDE8</key>
		<dict>
			<key>fileEncoding</key>
			<string>4</string>
			<key>isa</key>
			<string>PBXFileReference</string>
			<key>lastKnownFileType</key>
			<string>sourcecode.c.objc</string>
			<key>path</key>
			<string>ResultsViewController.m</string>
			<key>sourceTree</key>
			<string>SOURCE_ROOT</string>
		</dict>
		<key>1742EC021797F9D900CCDDE8</key>
		<dict>
			<key>fileEncoding</key>
			<string>4</string>
			<key>isa</key>
			<string>PBXFileReference</string>
			<key>lastKnownFileType</key>
			<string>file.xib</string>
			<key>path</key>
			<string>ResultsViewController.xib</string>
			<key>sourceTree</key>
			<string>SOURCE_ROOT</string>
		</dict>
		<key>1742EC031797F9D900CCDDE8</key>
		<dict>
			<key>fileRef</key>
			<string>1742EC011797F9D900CCDDE8</string>
			<key>isa</key>
			<string>PBXBuildFile</string>
		</dict>
		<key>1742EC041797F9D900CCDDE8</key>
		<dict>
			<key>fileRef</key>
			<string>1742EC021797F9D900CCDDE8</string>
			<key>isa</key>
			<string>PBXBuildFile</string>
		</dict>
		<key>1742EC051797FA1800CCDDE8</key>
		<dict>
			<key>fileEncoding</key>
			<string>4</string>
			<key>isa</key>
			<string>PBXFileReference</string>
			<key>lastKnownFileType</key>
			<string>sourcecode.c.h</string>
			<key>path</key>
			<string>CustomRandomCollectionTableViewController.h</string>
			<key>sourceTree</key>
			<string>SOURCE_ROOT</string>
		</dict>
		<key>1742EC061797FA1800CCDDE8</key>
		<dict>
			<key>fileEncoding</key>
			<string>4</string>
			<key>isa</key>
			<string>PBXFileReference</string>
			<key>lastKnownFileType</key>
			<string>sourcecode.c.objc</string>
			<key>path</key>
			<string>CustomRandomCollectionTableViewController.m</string>
			<key>sourceTree</key>
			<string>SOURCE_ROOT</string>
		</dict>
		<key>1742EC071797FA1800CCDDE8</key>
		<dict>
			<key>fileEncoding</key>
			<string>4</string>
			<key>isa</key>
			<string>PBXFileReference</string>
			<key>lastKnownFileType</key>
			<string>file.xib</string>
			<key>path</key>
			<string>CustomRandomCollectionTableViewController.xib</string>
			<key>sourceTree</key>
			<string>SOURCE_ROOT</string>
		</dict>
		<key>1742EC081797FA1800CCDDE8</key>
		<dict>
			<key>fileRef</key>
			<string>1742EC061797FA1800CCDDE8</string>
			<key>isa</key>
			<string>PBXBuildFile</string>
		</dict>
		<key>1742EC091797FA1800CCDDE8</key>
		<dict>
			<key>fileRef</key>
			<string>1742EC071797FA1800CCDDE8</string>
			<key>isa</key>
			<string>PBXBuildFile</string>
		</dict>
		<key>1742EC0A1797FA7C00CCDDE8</key>
		<dict>
			<key>fileEncoding</key>
			<string>4</string>
			<key>isa</key>
			<string>PBXFileReference</string>
			<key>lastKnownFileType</key>
			<string>sourcecode.c.h</string>
			<key>path</key>
			<string>AddCustomRandomCollectionViewController.h</string>
			<key>sourceTree</key>
			<string>&lt;group&gt;</string>
		</dict>
		<key>1742EC0B1797FA7C00CCDDE8</key>
		<dict>
			<key>fileEncoding</key>
			<string>4</string>
			<key>isa</key>
			<string>PBXFileReference</string>
			<key>lastKnownFileType</key>
			<string>sourcecode.c.objc</string>
			<key>path</key>
			<string>AddCustomRandomCollectionViewController.m</string>
			<key>sourceTree</key>
			<string>&lt;group&gt;</string>
		</dict>
		<key>1742EC0C1797FA7C00CCDDE8</key>
		<dict>
			<key>fileEncoding</key>
			<string>4</string>
			<key>isa</key>
			<string>PBXFileReference</string>
			<key>lastKnownFileType</key>
			<string>file.xib</string>
			<key>path</key>
			<string>AddCustomRandomCollectionViewController.xib</string>
			<key>sourceTree</key>
			<string>&lt;group&gt;</string>
		</dict>
		<key>1742EC0D1797FA7C00CCDDE8</key>
		<dict>
			<key>fileRef</key>
			<string>1742EC0B1797FA7C00CCDDE8</string>
			<key>isa</key>
			<string>PBXBuildFile</string>
		</dict>
		<key>1742EC0E1797FA7C00CCDDE8</key>
		<dict>
			<key>fileRef</key>
			<string>1742EC0C1797FA7C00CCDDE8</string>
			<key>isa</key>
			<string>PBXBuildFile</string>
		</dict>
		<key>1742ED0217980FFF00CCDDE8</key>
		<dict>
			<key>children</key>
			<array>
				<string>171AE0AF17994242005149FC</string>
				<string>171AE0B017994242005149FC</string>
				<string>171AE0B117994242005149FC</string>
				<string>171AE0B217994242005149FC</string>
				<string>171AE0B317994242005149FC</string>
				<string>171AE0B417994242005149FC</string>
				<string>171AE0B517994242005149FC</string>
				<string>171AE0B617994242005149FC</string>
				<string>171AE0B717994242005149FC</string>
				<string>171AE0B817994242005149FC</string>
				<string>171AE0B917994242005149FC</string>
				<string>171AE0BA17994242005149FC</string>
				<string>171AE0BB17994242005149FC</string>
				<string>171AE0BC17994242005149FC</string>
				<string>171AE0BD17994242005149FC</string>
				<string>171AE0BE17994242005149FC</string>
				<string>171AE085179937A3005149FC</string>
				<string>171AE086179937A3005149FC</string>
				<string>171AE087179937A3005149FC</string>
				<string>171AE088179937A3005149FC</string>
				<string>171AE089179937A3005149FC</string>
				<string>171AE07D17993792005149FC</string>
				<string>171AE07E17993792005149FC</string>
				<string>171AE07F17993792005149FC</string>
				<string>171AE08017993792005149FC</string>
				<string>171AE077179930DD005149FC</string>
				<string>171AE078179930DD005149FC</string>
				<string>171AE079179930DD005149FC</string>
				<string>9FEBB9721798FD740015EBD7</string>
				<string>179F3A8717982A7500E1EC32</string>
				<string>179F3A8817982A7500E1EC32</string>
				<string>179F3A8917982A7500E1EC32</string>
				<string>179F3A8A17982A7500E1EC32</string>
				<string>179F3A8B17982A7500E1EC32</string>
				<string>179F3A8C17982A7500E1EC32</string>
				<string>179F3A8D17982A7500E1EC32</string>
				<string>179F3A8E17982A7500E1EC32</string>
				<string>1742ED6B17981D1000CCDDE8</string>
				<string>1742ED0317980FFF00CCDDE8</string>
				<string>1742ED0417980FFF00CCDDE8</string>
				<string>1742ED0517980FFF00CCDDE8</string>
				<string>1742ED0617980FFF00CCDDE8</string>
				<string>1742ED0717980FFF00CCDDE8</string>
				<string>1742ED0817980FFF00CCDDE8</string>
				<string>1742ED0917980FFF00CCDDE8</string>
				<string>1742ED0A17980FFF00CCDDE8</string>
				<string>1742ED0B17980FFF00CCDDE8</string>
				<string>1742ED0C17980FFF00CCDDE8</string>
				<string>1742ED0D17980FFF00CCDDE8</string>
				<string>1742ED0E17980FFF00CCDDE8</string>
				<string>1742ED0F17980FFF00CCDDE8</string>
				<string>1742ED1017980FFF00CCDDE8</string>
				<string>1742ED1117980FFF00CCDDE8</string>
				<string>1742ED1217980FFF00CCDDE8</string>
				<string>1742ED1317980FFF00CCDDE8</string>
				<string>1742ED1417980FFF00CCDDE8</string>
				<string>1742ED1517980FFF00CCDDE8</string>
				<string>1742ED1617980FFF00CCDDE8</string>
				<string>1742ED1717980FFF00CCDDE8</string>
				<string>1742ED1817980FFF00CCDDE8</string>
				<string>1742ED1917980FFF00CCDDE8</string>
				<string>1742ED1A17980FFF00CCDDE8</string>
				<string>1742ED1B17980FFF00CCDDE8</string>
				<string>1742ED1C17980FFF00CCDDE8</string>
				<string>1742ED1D17980FFF00CCDDE8</string>
				<string>1742ED1E17980FFF00CCDDE8</string>
				<string>1742ED1F17980FFF00CCDDE8</string>
				<string>1742ED2017980FFF00CCDDE8</string>
				<string>1742ED2117980FFF00CCDDE8</string>
				<string>1742ED2217980FFF00CCDDE8</string>
				<string>1742ED2317980FFF00CCDDE8</string>
				<string>1742ED2417980FFF00CCDDE8</string>
				<string>1742ED2517980FFF00CCDDE8</string>
				<string>1742ED2617980FFF00CCDDE8</string>
				<string>1742ED2717980FFF00CCDDE8</string>
				<string>1742ED2817980FFF00CCDDE8</string>
				<string>1742ED2917980FFF00CCDDE8</string>
				<string>1742ED2A17980FFF00CCDDE8</string>
				<string>1742ED2B17980FFF00CCDDE8</string>
				<string>1742ED2C17980FFF00CCDDE8</string>
				<string>1742ED2D17980FFF00CCDDE8</string>
				<string>1742ED2E17980FFF00CCDDE8</string>
				<string>1742ED2F17980FFF00CCDDE8</string>
				<string>1742ED3017980FFF00CCDDE8</string>
				<string>1742ED3117980FFF00CCDDE8</string>
				<string>1742ED3217980FFF00CCDDE8</string>
				<string>1742ED3317980FFF00CCDDE8</string>
				<string>1742ED3417980FFF00CCDDE8</string>
				<string>1742ED3517980FFF00CCDDE8</string>
				<string>1742ED3617980FFF00CCDDE8</string>
			</array>
			<key>isa</key>
			<string>PBXGroup</string>
			<key>path</key>
			<string>Images</string>
			<key>sourceTree</key>
			<string>SOURCE_ROOT</string>
		</dict>
		<key>1742ED0317980FFF00CCDDE8</key>
		<dict>
			<key>isa</key>
			<string>PBXFileReference</string>
			<key>lastKnownFileType</key>
			<string>image.jpeg</string>
			<key>path</key>
			<string>718457_f260.jpg</string>
			<key>sourceTree</key>
			<string>&lt;group&gt;</string>
		</dict>
		<key>1742ED0417980FFF00CCDDE8</key>
		<dict>
			<key>isa</key>
			<string>PBXFileReference</string>
			<key>lastKnownFileType</key>
			<string>image.jpeg</string>
			<key>path</key>
			<string>718458_f260.jpg</string>
			<key>sourceTree</key>
			<string>&lt;group&gt;</string>
		</dict>
		<key>1742ED0517980FFF00CCDDE8</key>
		<dict>
			<key>isa</key>
			<string>PBXFileReference</string>
			<key>lastKnownFileType</key>
			<string>image.jpeg</string>
			<key>path</key>
			<string>718459_f260.jpg</string>
			<key>sourceTree</key>
			<string>&lt;group&gt;</string>
		</dict>
		<key>1742ED0617980FFF00CCDDE8</key>
		<dict>
			<key>isa</key>
			<string>PBXFileReference</string>
			<key>lastKnownFileType</key>
			<string>image.jpeg</string>
			<key>path</key>
			<string>718460_f260.jpg</string>
			<key>sourceTree</key>
			<string>&lt;group&gt;</string>
		</dict>
		<key>1742ED0717980FFF00CCDDE8</key>
		<dict>
			<key>isa</key>
			<string>PBXFileReference</string>
			<key>lastKnownFileType</key>
			<string>image.jpeg</string>
			<key>path</key>
			<string>718461_f260.jpg</string>
			<key>sourceTree</key>
			<string>&lt;group&gt;</string>
		</dict>
		<key>1742ED0817980FFF00CCDDE8</key>
		<dict>
			<key>isa</key>
			<string>PBXFileReference</string>
			<key>lastKnownFileType</key>
			<string>image.jpeg</string>
			<key>path</key>
			<string>718462_f260.jpg</string>
			<key>sourceTree</key>
			<string>&lt;group&gt;</string>
		</dict>
		<key>1742ED0917980FFF00CCDDE8</key>
		<dict>
			<key>isa</key>
			<string>PBXFileReference</string>
			<key>lastKnownFileType</key>
			<string>image.jpeg</string>
			<key>path</key>
			<string>718463_f260.jpg</string>
			<key>sourceTree</key>
			<string>&lt;group&gt;</string>
		</dict>
		<key>1742ED0A17980FFF00CCDDE8</key>
		<dict>
			<key>isa</key>
			<string>PBXFileReference</string>
			<key>lastKnownFileType</key>
			<string>image.jpeg</string>
			<key>path</key>
			<string>718464_f260.jpg</string>
			<key>sourceTree</key>
			<string>&lt;group&gt;</string>
		</dict>
		<key>1742ED0B17980FFF00CCDDE8</key>
		<dict>
			<key>isa</key>
			<string>PBXFileReference</string>
			<key>lastKnownFileType</key>
			<string>image.jpeg</string>
			<key>path</key>
			<string>718465_f260.jpg</string>
			<key>sourceTree</key>
			<string>&lt;group&gt;</string>
		</dict>
		<key>1742ED0C17980FFF00CCDDE8</key>
		<dict>
			<key>isa</key>
			<string>PBXFileReference</string>
			<key>lastKnownFileType</key>
			<string>image.jpeg</string>
			<key>path</key>
			<string>718466_f260.jpg</string>
			<key>sourceTree</key>
			<string>&lt;group&gt;</string>
		</dict>
		<key>1742ED0D17980FFF00CCDDE8</key>
		<dict>
			<key>isa</key>
			<string>PBXFileReference</string>
			<key>lastKnownFileType</key>
			<string>image.jpeg</string>
			<key>path</key>
			<string>718468_f260.jpg</string>
			<key>sourceTree</key>
			<string>&lt;group&gt;</string>
		</dict>
		<key>1742ED0E17980FFF00CCDDE8</key>
		<dict>
			<key>isa</key>
			<string>PBXFileReference</string>
			<key>lastKnownFileType</key>
			<string>image.jpeg</string>
			<key>path</key>
			<string>718478_f260.jpg</string>
			<key>sourceTree</key>
			<string>&lt;group&gt;</string>
		</dict>
		<key>1742ED0F17980FFF00CCDDE8</key>
		<dict>
			<key>isa</key>
			<string>PBXFileReference</string>
			<key>lastKnownFileType</key>
			<string>image.jpeg</string>
			<key>path</key>
			<string>718479_f260.jpg</string>
			<key>sourceTree</key>
			<string>&lt;group&gt;</string>
		</dict>
		<key>1742ED1017980FFF00CCDDE8</key>
		<dict>
			<key>isa</key>
			<string>PBXFileReference</string>
			<key>lastKnownFileType</key>
			<string>image.jpeg</string>
			<key>path</key>
			<string>718480_f260.jpg</string>
			<key>sourceTree</key>
			<string>&lt;group&gt;</string>
		</dict>
		<key>1742ED1117980FFF00CCDDE8</key>
		<dict>
			<key>isa</key>
			<string>PBXFileReference</string>
			<key>lastKnownFileType</key>
			<string>image.jpeg</string>
			<key>path</key>
			<string>718481_f260.jpg</string>
			<key>sourceTree</key>
			<string>&lt;group&gt;</string>
		</dict>
		<key>1742ED1217980FFF00CCDDE8</key>
		<dict>
			<key>isa</key>
			<string>PBXFileReference</string>
			<key>lastKnownFileType</key>
			<string>image.jpeg</string>
			<key>path</key>
			<string>718482_f260.jpg</string>
			<key>sourceTree</key>
			<string>&lt;group&gt;</string>
		</dict>
		<key>1742ED1317980FFF00CCDDE8</key>
		<dict>
			<key>isa</key>
			<string>PBXFileReference</string>
			<key>lastKnownFileType</key>
			<string>image.jpeg</string>
			<key>path</key>
			<string>718483_f260.jpg</string>
			<key>sourceTree</key>
			<string>&lt;group&gt;</string>
		</dict>
		<key>1742ED1417980FFF00CCDDE8</key>
		<dict>
			<key>isa</key>
			<string>PBXFileReference</string>
			<key>lastKnownFileType</key>
			<string>image.jpeg</string>
			<key>path</key>
			<string>718484_f260.jpg</string>
			<key>sourceTree</key>
			<string>&lt;group&gt;</string>
		</dict>
		<key>1742ED1517980FFF00CCDDE8</key>
		<dict>
			<key>isa</key>
			<string>PBXFileReference</string>
			<key>lastKnownFileType</key>
			<string>image.jpeg</string>
			<key>path</key>
			<string>718485_f260.jpg</string>
			<key>sourceTree</key>
			<string>&lt;group&gt;</string>
		</dict>
		<key>1742ED1617980FFF00CCDDE8</key>
		<dict>
			<key>isa</key>
			<string>PBXFileReference</string>
			<key>lastKnownFileType</key>
			<string>image.jpeg</string>
			<key>path</key>
			<string>718489_f260.jpg</string>
			<key>sourceTree</key>
			<string>&lt;group&gt;</string>
		</dict>
		<key>1742ED1717980FFF00CCDDE8</key>
		<dict>
			<key>isa</key>
			<string>PBXFileReference</string>
			<key>lastKnownFileType</key>
			<string>image.jpeg</string>
			<key>path</key>
			<string>718490_f260.jpg</string>
			<key>sourceTree</key>
			<string>&lt;group&gt;</string>
		</dict>
		<key>1742ED1817980FFF00CCDDE8</key>
		<dict>
			<key>isa</key>
			<string>PBXFileReference</string>
			<key>lastKnownFileType</key>
			<string>image.jpeg</string>
			<key>path</key>
			<string>718491_f260.jpg</string>
			<key>sourceTree</key>
			<string>&lt;group&gt;</string>
		</dict>
		<key>1742ED1917980FFF00CCDDE8</key>
		<dict>
			<key>isa</key>
			<string>PBXFileReference</string>
			<key>lastKnownFileType</key>
			<string>image.jpeg</string>
			<key>path</key>
			<string>718492_f260.jpg</string>
			<key>sourceTree</key>
			<string>&lt;group&gt;</string>
		</dict>
		<key>1742ED1A17980FFF00CCDDE8</key>
		<dict>
			<key>isa</key>
			<string>PBXFileReference</string>
			<key>lastKnownFileType</key>
			<string>image.jpeg</string>
			<key>path</key>
			<string>718493_f260.jpg</string>
			<key>sourceTree</key>
			<string>&lt;group&gt;</string>
		</dict>
		<key>1742ED1B17980FFF00CCDDE8</key>
		<dict>
			<key>isa</key>
			<string>PBXFileReference</string>
			<key>lastKnownFileType</key>
			<string>image.jpeg</string>
			<key>path</key>
			<string>718494_f260.jpg</string>
			<key>sourceTree</key>
			<string>&lt;group&gt;</string>
		</dict>
		<key>1742ED1C17980FFF00CCDDE8</key>
		<dict>
			<key>isa</key>
			<string>PBXFileReference</string>
			<key>lastKnownFileType</key>
			<string>image.jpeg</string>
			<key>path</key>
			<string>718495_f260.jpg</string>
			<key>sourceTree</key>
			<string>&lt;group&gt;</string>
		</dict>
		<key>1742ED1D17980FFF00CCDDE8</key>
		<dict>
			<key>isa</key>
			<string>PBXFileReference</string>
			<key>lastKnownFileType</key>
			<string>image.jpeg</string>
			<key>path</key>
			<string>718496_f260.jpg</string>
			<key>sourceTree</key>
			<string>&lt;group&gt;</string>
		</dict>
		<key>1742ED1E17980FFF00CCDDE8</key>
		<dict>
			<key>isa</key>
			<string>PBXFileReference</string>
			<key>lastKnownFileType</key>
			<string>image.jpeg</string>
			<key>path</key>
			<string>718499_f260.jpg</string>
			<key>sourceTree</key>
			<string>&lt;group&gt;</string>
		</dict>
		<key>1742ED1F17980FFF00CCDDE8</key>
		<dict>
			<key>isa</key>
			<string>PBXFileReference</string>
			<key>lastKnownFileType</key>
			<string>image.jpeg</string>
			<key>path</key>
			<string>718500_f260.jpg</string>
			<key>sourceTree</key>
			<string>&lt;group&gt;</string>
		</dict>
		<key>1742ED2017980FFF00CCDDE8</key>
		<dict>
			<key>isa</key>
			<string>PBXFileReference</string>
			<key>lastKnownFileType</key>
			<string>image.jpeg</string>
			<key>path</key>
			<string>718501_f260.jpg</string>
			<key>sourceTree</key>
			<string>&lt;group&gt;</string>
		</dict>
		<key>1742ED2117980FFF00CCDDE8</key>
		<dict>
			<key>isa</key>
			<string>PBXFileReference</string>
			<key>lastKnownFileType</key>
			<string>image.jpeg</string>
			<key>path</key>
			<string>718502_f260.jpg</string>
			<key>sourceTree</key>
			<string>&lt;group&gt;</string>
		</dict>
		<key>1742ED2217980FFF00CCDDE8</key>
		<dict>
			<key>isa</key>
			<string>PBXFileReference</string>
			<key>lastKnownFileType</key>
			<string>image.jpeg</string>
			<key>path</key>
			<string>718503_f260.jpg</string>
			<key>sourceTree</key>
			<string>&lt;group&gt;</string>
		</dict>
		<key>1742ED2317980FFF00CCDDE8</key>
		<dict>
			<key>isa</key>
			<string>PBXFileReference</string>
			<key>lastKnownFileType</key>
			<string>image.jpeg</string>
			<key>path</key>
			<string>718504_f260.jpg</string>
			<key>sourceTree</key>
			<string>&lt;group&gt;</string>
		</dict>
		<key>1742ED2417980FFF00CCDDE8</key>
		<dict>
			<key>isa</key>
			<string>PBXFileReference</string>
			<key>lastKnownFileType</key>
			<string>image.jpeg</string>
			<key>path</key>
			<string>718505_f260.jpg</string>
			<key>sourceTree</key>
			<string>&lt;group&gt;</string>
		</dict>
		<key>1742ED2517980FFF00CCDDE8</key>
		<dict>
			<key>isa</key>
			<string>PBXFileReference</string>
			<key>lastKnownFileType</key>
			<string>image.jpeg</string>
			<key>path</key>
			<string>718506_f260.jpg</string>
			<key>sourceTree</key>
			<string>&lt;group&gt;</string>
		</dict>
		<key>1742ED2617980FFF00CCDDE8</key>
		<dict>
			<key>isa</key>
			<string>PBXFileReference</string>
			<key>lastKnownFileType</key>
			<string>image.jpeg</string>
			<key>path</key>
			<string>718509_f260.jpg</string>
			<key>sourceTree</key>
			<string>&lt;group&gt;</string>
		</dict>
		<key>1742ED2717980FFF00CCDDE8</key>
		<dict>
			<key>isa</key>
			<string>PBXFileReference</string>
			<key>lastKnownFileType</key>
			<string>image.jpeg</string>
			<key>path</key>
			<string>718510_f260.jpg</string>
			<key>sourceTree</key>
			<string>&lt;group&gt;</string>
		</dict>
		<key>1742ED2817980FFF00CCDDE8</key>
		<dict>
			<key>isa</key>
			<string>PBXFileReference</string>
			<key>lastKnownFileType</key>
			<string>image.jpeg</string>
			<key>path</key>
			<string>718511_f260.jpg</string>
			<key>sourceTree</key>
			<string>&lt;group&gt;</string>
		</dict>
		<key>1742ED2917980FFF00CCDDE8</key>
		<dict>
			<key>isa</key>
			<string>PBXFileReference</string>
			<key>lastKnownFileType</key>
			<string>image.jpeg</string>
			<key>path</key>
			<string>718512_f260.jpg</string>
			<key>sourceTree</key>
			<string>&lt;group&gt;</string>
		</dict>
		<key>1742ED2A17980FFF00CCDDE8</key>
		<dict>
			<key>isa</key>
			<string>PBXFileReference</string>
			<key>lastKnownFileType</key>
			<string>image.jpeg</string>
			<key>path</key>
			<string>718513_f260.jpg</string>
			<key>sourceTree</key>
			<string>&lt;group&gt;</string>
		</dict>
		<key>1742ED2B17980FFF00CCDDE8</key>
		<dict>
			<key>isa</key>
			<string>PBXFileReference</string>
			<key>lastKnownFileType</key>
			<string>image.jpeg</string>
			<key>path</key>
			<string>718514_f260.jpg</string>
			<key>sourceTree</key>
			<string>&lt;group&gt;</string>
		</dict>
		<key>1742ED2C17980FFF00CCDDE8</key>
		<dict>
			<key>isa</key>
			<string>PBXFileReference</string>
			<key>lastKnownFileType</key>
			<string>image.jpeg</string>
			<key>path</key>
			<string>718515_f260.jpg</string>
			<key>sourceTree</key>
			<string>&lt;group&gt;</string>
		</dict>
		<key>1742ED2D17980FFF00CCDDE8</key>
		<dict>
			<key>isa</key>
			<string>PBXFileReference</string>
			<key>lastKnownFileType</key>
			<string>image.jpeg</string>
			<key>path</key>
			<string>718516_f260.jpg</string>
			<key>sourceTree</key>
			<string>&lt;group&gt;</string>
		</dict>
		<key>1742ED2E17980FFF00CCDDE8</key>
		<dict>
			<key>isa</key>
			<string>PBXFileReference</string>
			<key>lastKnownFileType</key>
			<string>image.jpeg</string>
			<key>path</key>
			<string>718517_f260.jpg</string>
			<key>sourceTree</key>
			<string>&lt;group&gt;</string>
		</dict>
		<key>1742ED2F17980FFF00CCDDE8</key>
		<dict>
			<key>isa</key>
			<string>PBXFileReference</string>
			<key>lastKnownFileType</key>
			<string>image.jpeg</string>
			<key>path</key>
			<string>718518_f260.jpg</string>
			<key>sourceTree</key>
			<string>&lt;group&gt;</string>
		</dict>
		<key>1742ED3017980FFF00CCDDE8</key>
		<dict>
			<key>isa</key>
			<string>PBXFileReference</string>
			<key>lastKnownFileType</key>
			<string>image.jpeg</string>
			<key>path</key>
			<string>718519_f260.jpg</string>
			<key>sourceTree</key>
			<string>&lt;group&gt;</string>
		</dict>
		<key>1742ED3117980FFF00CCDDE8</key>
		<dict>
			<key>isa</key>
			<string>PBXFileReference</string>
			<key>lastKnownFileType</key>
			<string>image.jpeg</string>
			<key>path</key>
			<string>718520_f260.jpg</string>
			<key>sourceTree</key>
			<string>&lt;group&gt;</string>
		</dict>
		<key>1742ED3217980FFF00CCDDE8</key>
		<dict>
			<key>isa</key>
			<string>PBXFileReference</string>
			<key>lastKnownFileType</key>
			<string>image.jpeg</string>
			<key>path</key>
			<string>718521_f260.jpg</string>
			<key>sourceTree</key>
			<string>&lt;group&gt;</string>
		</dict>
		<key>1742ED3317980FFF00CCDDE8</key>
		<dict>
			<key>isa</key>
			<string>PBXFileReference</string>
			<key>lastKnownFileType</key>
			<string>image.jpeg</string>
			<key>path</key>
			<string>718522_f260.jpg</string>
			<key>sourceTree</key>
			<string>&lt;group&gt;</string>
		</dict>
		<key>1742ED3417980FFF00CCDDE8</key>
		<dict>
			<key>isa</key>
			<string>PBXFileReference</string>
			<key>lastKnownFileType</key>
			<string>image.jpeg</string>
			<key>path</key>
			<string>718523_f260.jpg</string>
			<key>sourceTree</key>
			<string>&lt;group&gt;</string>
		</dict>
		<key>1742ED3517980FFF00CCDDE8</key>
		<dict>
			<key>isa</key>
			<string>PBXFileReference</string>
			<key>lastKnownFileType</key>
			<string>image.jpeg</string>
			<key>path</key>
			<string>718524_f260.jpg</string>
			<key>sourceTree</key>
			<string>&lt;group&gt;</string>
		</dict>
		<key>1742ED3617980FFF00CCDDE8</key>
		<dict>
			<key>isa</key>
			<string>PBXFileReference</string>
			<key>lastKnownFileType</key>
			<string>image.jpeg</string>
			<key>path</key>
			<string>718527_f260.jpg</string>
			<key>sourceTree</key>
			<string>&lt;group&gt;</string>
		</dict>
		<key>1742ED3717980FFF00CCDDE8</key>
		<dict>
			<key>fileRef</key>
			<string>1742ED0317980FFF00CCDDE8</string>
			<key>isa</key>
			<string>PBXBuildFile</string>
		</dict>
		<key>1742ED3817980FFF00CCDDE8</key>
		<dict>
			<key>fileRef</key>
			<string>1742ED0417980FFF00CCDDE8</string>
			<key>isa</key>
			<string>PBXBuildFile</string>
		</dict>
		<key>1742ED3917980FFF00CCDDE8</key>
		<dict>
			<key>fileRef</key>
			<string>1742ED0517980FFF00CCDDE8</string>
			<key>isa</key>
			<string>PBXBuildFile</string>
		</dict>
		<key>1742ED3A17980FFF00CCDDE8</key>
		<dict>
			<key>fileRef</key>
			<string>1742ED0617980FFF00CCDDE8</string>
			<key>isa</key>
			<string>PBXBuildFile</string>
		</dict>
		<key>1742ED3B17980FFF00CCDDE8</key>
		<dict>
			<key>fileRef</key>
			<string>1742ED0717980FFF00CCDDE8</string>
			<key>isa</key>
			<string>PBXBuildFile</string>
		</dict>
		<key>1742ED3C17980FFF00CCDDE8</key>
		<dict>
			<key>fileRef</key>
			<string>1742ED0817980FFF00CCDDE8</string>
			<key>isa</key>
			<string>PBXBuildFile</string>
		</dict>
		<key>1742ED3D17980FFF00CCDDE8</key>
		<dict>
			<key>fileRef</key>
			<string>1742ED0917980FFF00CCDDE8</string>
			<key>isa</key>
			<string>PBXBuildFile</string>
		</dict>
		<key>1742ED3E17980FFF00CCDDE8</key>
		<dict>
			<key>fileRef</key>
			<string>1742ED0A17980FFF00CCDDE8</string>
			<key>isa</key>
			<string>PBXBuildFile</string>
		</dict>
		<key>1742ED3F17980FFF00CCDDE8</key>
		<dict>
			<key>fileRef</key>
			<string>1742ED0B17980FFF00CCDDE8</string>
			<key>isa</key>
			<string>PBXBuildFile</string>
		</dict>
		<key>1742ED4017980FFF00CCDDE8</key>
		<dict>
			<key>fileRef</key>
			<string>1742ED0C17980FFF00CCDDE8</string>
			<key>isa</key>
			<string>PBXBuildFile</string>
		</dict>
		<key>1742ED4117980FFF00CCDDE8</key>
		<dict>
			<key>fileRef</key>
			<string>1742ED0D17980FFF00CCDDE8</string>
			<key>isa</key>
			<string>PBXBuildFile</string>
		</dict>
		<key>1742ED4217980FFF00CCDDE8</key>
		<dict>
			<key>fileRef</key>
			<string>1742ED0E17980FFF00CCDDE8</string>
			<key>isa</key>
			<string>PBXBuildFile</string>
		</dict>
		<key>1742ED4317980FFF00CCDDE8</key>
		<dict>
			<key>fileRef</key>
			<string>1742ED0F17980FFF00CCDDE8</string>
			<key>isa</key>
			<string>PBXBuildFile</string>
		</dict>
		<key>1742ED4417980FFF00CCDDE8</key>
		<dict>
			<key>fileRef</key>
			<string>1742ED1017980FFF00CCDDE8</string>
			<key>isa</key>
			<string>PBXBuildFile</string>
		</dict>
		<key>1742ED4517980FFF00CCDDE8</key>
		<dict>
			<key>fileRef</key>
			<string>1742ED1117980FFF00CCDDE8</string>
			<key>isa</key>
			<string>PBXBuildFile</string>
		</dict>
		<key>1742ED4617980FFF00CCDDE8</key>
		<dict>
			<key>fileRef</key>
			<string>1742ED1217980FFF00CCDDE8</string>
			<key>isa</key>
			<string>PBXBuildFile</string>
		</dict>
		<key>1742ED4717980FFF00CCDDE8</key>
		<dict>
			<key>fileRef</key>
			<string>1742ED1317980FFF00CCDDE8</string>
			<key>isa</key>
			<string>PBXBuildFile</string>
		</dict>
		<key>1742ED4817980FFF00CCDDE8</key>
		<dict>
			<key>fileRef</key>
			<string>1742ED1417980FFF00CCDDE8</string>
			<key>isa</key>
			<string>PBXBuildFile</string>
		</dict>
		<key>1742ED4917980FFF00CCDDE8</key>
		<dict>
			<key>fileRef</key>
			<string>1742ED1517980FFF00CCDDE8</string>
			<key>isa</key>
			<string>PBXBuildFile</string>
		</dict>
		<key>1742ED4A17980FFF00CCDDE8</key>
		<dict>
			<key>fileRef</key>
			<string>1742ED1617980FFF00CCDDE8</string>
			<key>isa</key>
			<string>PBXBuildFile</string>
		</dict>
		<key>1742ED4B17980FFF00CCDDE8</key>
		<dict>
			<key>fileRef</key>
			<string>1742ED1717980FFF00CCDDE8</string>
			<key>isa</key>
			<string>PBXBuildFile</string>
		</dict>
		<key>1742ED4C17980FFF00CCDDE8</key>
		<dict>
			<key>fileRef</key>
			<string>1742ED1817980FFF00CCDDE8</string>
			<key>isa</key>
			<string>PBXBuildFile</string>
		</dict>
		<key>1742ED4D17980FFF00CCDDE8</key>
		<dict>
			<key>fileRef</key>
			<string>1742ED1917980FFF00CCDDE8</string>
			<key>isa</key>
			<string>PBXBuildFile</string>
		</dict>
		<key>1742ED4E17980FFF00CCDDE8</key>
		<dict>
			<key>fileRef</key>
			<string>1742ED1A17980FFF00CCDDE8</string>
			<key>isa</key>
			<string>PBXBuildFile</string>
		</dict>
		<key>1742ED4F17980FFF00CCDDE8</key>
		<dict>
			<key>fileRef</key>
			<string>1742ED1B17980FFF00CCDDE8</string>
			<key>isa</key>
			<string>PBXBuildFile</string>
		</dict>
		<key>1742ED5017980FFF00CCDDE8</key>
		<dict>
			<key>fileRef</key>
			<string>1742ED1C17980FFF00CCDDE8</string>
			<key>isa</key>
			<string>PBXBuildFile</string>
		</dict>
		<key>1742ED5117980FFF00CCDDE8</key>
		<dict>
			<key>fileRef</key>
			<string>1742ED1D17980FFF00CCDDE8</string>
			<key>isa</key>
			<string>PBXBuildFile</string>
		</dict>
		<key>1742ED5217980FFF00CCDDE8</key>
		<dict>
			<key>fileRef</key>
			<string>1742ED1E17980FFF00CCDDE8</string>
			<key>isa</key>
			<string>PBXBuildFile</string>
		</dict>
		<key>1742ED5317980FFF00CCDDE8</key>
		<dict>
			<key>fileRef</key>
			<string>1742ED1F17980FFF00CCDDE8</string>
			<key>isa</key>
			<string>PBXBuildFile</string>
		</dict>
		<key>1742ED5417980FFF00CCDDE8</key>
		<dict>
			<key>fileRef</key>
			<string>1742ED2017980FFF00CCDDE8</string>
			<key>isa</key>
			<string>PBXBuildFile</string>
		</dict>
		<key>1742ED5517980FFF00CCDDE8</key>
		<dict>
			<key>fileRef</key>
			<string>1742ED2117980FFF00CCDDE8</string>
			<key>isa</key>
			<string>PBXBuildFile</string>
		</dict>
		<key>1742ED5617980FFF00CCDDE8</key>
		<dict>
			<key>fileRef</key>
			<string>1742ED2217980FFF00CCDDE8</string>
			<key>isa</key>
			<string>PBXBuildFile</string>
		</dict>
		<key>1742ED5717980FFF00CCDDE8</key>
		<dict>
			<key>fileRef</key>
			<string>1742ED2317980FFF00CCDDE8</string>
			<key>isa</key>
			<string>PBXBuildFile</string>
		</dict>
		<key>1742ED5817980FFF00CCDDE8</key>
		<dict>
			<key>fileRef</key>
			<string>1742ED2417980FFF00CCDDE8</string>
			<key>isa</key>
			<string>PBXBuildFile</string>
		</dict>
		<key>1742ED5917980FFF00CCDDE8</key>
		<dict>
			<key>fileRef</key>
			<string>1742ED2517980FFF00CCDDE8</string>
			<key>isa</key>
			<string>PBXBuildFile</string>
		</dict>
		<key>1742ED5A17980FFF00CCDDE8</key>
		<dict>
			<key>fileRef</key>
			<string>1742ED2617980FFF00CCDDE8</string>
			<key>isa</key>
			<string>PBXBuildFile</string>
		</dict>
		<key>1742ED5B17980FFF00CCDDE8</key>
		<dict>
			<key>fileRef</key>
			<string>1742ED2717980FFF00CCDDE8</string>
			<key>isa</key>
			<string>PBXBuildFile</string>
		</dict>
		<key>1742ED5C17980FFF00CCDDE8</key>
		<dict>
			<key>fileRef</key>
			<string>1742ED2817980FFF00CCDDE8</string>
			<key>isa</key>
			<string>PBXBuildFile</string>
		</dict>
		<key>1742ED5D17980FFF00CCDDE8</key>
		<dict>
			<key>fileRef</key>
			<string>1742ED2917980FFF00CCDDE8</string>
			<key>isa</key>
			<string>PBXBuildFile</string>
		</dict>
		<key>1742ED5E17980FFF00CCDDE8</key>
		<dict>
			<key>fileRef</key>
			<string>1742ED2A17980FFF00CCDDE8</string>
			<key>isa</key>
			<string>PBXBuildFile</string>
		</dict>
		<key>1742ED5F17980FFF00CCDDE8</key>
		<dict>
			<key>fileRef</key>
			<string>1742ED2B17980FFF00CCDDE8</string>
			<key>isa</key>
			<string>PBXBuildFile</string>
		</dict>
		<key>1742ED6017980FFF00CCDDE8</key>
		<dict>
			<key>fileRef</key>
			<string>1742ED2C17980FFF00CCDDE8</string>
			<key>isa</key>
			<string>PBXBuildFile</string>
		</dict>
		<key>1742ED6117980FFF00CCDDE8</key>
		<dict>
			<key>fileRef</key>
			<string>1742ED2D17980FFF00CCDDE8</string>
			<key>isa</key>
			<string>PBXBuildFile</string>
		</dict>
		<key>1742ED6217980FFF00CCDDE8</key>
		<dict>
			<key>fileRef</key>
			<string>1742ED2E17980FFF00CCDDE8</string>
			<key>isa</key>
			<string>PBXBuildFile</string>
		</dict>
		<key>1742ED6317980FFF00CCDDE8</key>
		<dict>
			<key>fileRef</key>
			<string>1742ED2F17980FFF00CCDDE8</string>
			<key>isa</key>
			<string>PBXBuildFile</string>
		</dict>
		<key>1742ED6417980FFF00CCDDE8</key>
		<dict>
			<key>fileRef</key>
			<string>1742ED3017980FFF00CCDDE8</string>
			<key>isa</key>
			<string>PBXBuildFile</string>
		</dict>
		<key>1742ED6517980FFF00CCDDE8</key>
		<dict>
			<key>fileRef</key>
			<string>1742ED3117980FFF00CCDDE8</string>
			<key>isa</key>
			<string>PBXBuildFile</string>
		</dict>
		<key>1742ED6617980FFF00CCDDE8</key>
		<dict>
			<key>fileRef</key>
			<string>1742ED3217980FFF00CCDDE8</string>
			<key>isa</key>
			<string>PBXBuildFile</string>
		</dict>
		<key>1742ED6717980FFF00CCDDE8</key>
		<dict>
			<key>fileRef</key>
			<string>1742ED3317980FFF00CCDDE8</string>
			<key>isa</key>
			<string>PBXBuildFile</string>
		</dict>
		<key>1742ED6817980FFF00CCDDE8</key>
		<dict>
			<key>fileRef</key>
			<string>1742ED3417980FFF00CCDDE8</string>
			<key>isa</key>
			<string>PBXBuildFile</string>
		</dict>
		<key>1742ED6917980FFF00CCDDE8</key>
		<dict>
			<key>fileRef</key>
			<string>1742ED3517980FFF00CCDDE8</string>
			<key>isa</key>
			<string>PBXBuildFile</string>
		</dict>
		<key>1742ED6A17980FFF00CCDDE8</key>
		<dict>
			<key>fileRef</key>
			<string>1742ED3617980FFF00CCDDE8</string>
			<key>isa</key>
			<string>PBXBuildFile</string>
		</dict>
		<key>1742ED6B17981D1000CCDDE8</key>
		<dict>
			<key>isa</key>
			<string>PBXFileReference</string>
			<key>lastKnownFileType</key>
			<string>image.jpeg</string>
			<key>path</key>
			<string>Wallpaper.jpeg</string>
			<key>sourceTree</key>
			<string>&lt;group&gt;</string>
		</dict>
		<key>1742ED6C17981D1000CCDDE8</key>
		<dict>
			<key>fileRef</key>
			<string>1742ED6B17981D1000CCDDE8</string>
			<key>isa</key>
			<string>PBXBuildFile</string>
		</dict>
		<key>179F3A83179823ED00E1EC32</key>
		<dict>
			<key>isa</key>
			<string>PBXFileReference</string>
			<key>lastKnownFileType</key>
			<string>image.png</string>
			<key>path</key>
			<string>icon.png</string>
			<key>sourceTree</key>
			<string>&lt;group&gt;</string>
		</dict>
		<key>179F3A84179823ED00E1EC32</key>
		<dict>
			<key>fileRef</key>
			<string>179F3A83179823ED00E1EC32</string>
			<key>isa</key>
			<string>PBXBuildFile</string>
		</dict>
		<key>179F3A85179823F100E1EC32</key>
		<dict>
			<key>isa</key>
			<string>PBXFileReference</string>
			<key>lastKnownFileType</key>
			<string>image.png</string>
			<key>path</key>
			<string>icon@2x.png</string>
			<key>sourceTree</key>
			<string>&lt;group&gt;</string>
		</dict>
		<key>179F3A86179823F100E1EC32</key>
		<dict>
			<key>fileRef</key>
			<string>179F3A85179823F100E1EC32</string>
			<key>isa</key>
			<string>PBXBuildFile</string>
		</dict>
		<key>179F3A8717982A7500E1EC32</key>
		<dict>
			<key>isa</key>
			<string>PBXFileReference</string>
			<key>lastKnownFileType</key>
			<string>image.jpeg</string>
			<key>path</key>
			<string>coin-head.jpg</string>
			<key>sourceTree</key>
			<string>&lt;group&gt;</string>
		</dict>
		<key>179F3A8817982A7500E1EC32</key>
		<dict>
			<key>isa</key>
			<string>PBXFileReference</string>
			<key>lastKnownFileType</key>
			<string>image.jpeg</string>
			<key>path</key>
			<string>coin-tail.jpg</string>
			<key>sourceTree</key>
			<string>&lt;group&gt;</string>
		</dict>
		<key>179F3A8917982A7500E1EC32</key>
		<dict>
			<key>isa</key>
			<string>PBXFileReference</string>
			<key>lastKnownFileType</key>
			<string>image.png</string>
			<key>path</key>
			<string>dice1.png</string>
			<key>sourceTree</key>
			<string>&lt;group&gt;</string>
		</dict>
		<key>179F3A8A17982A7500E1EC32</key>
		<dict>
			<key>isa</key>
			<string>PBXFileReference</string>
			<key>lastKnownFileType</key>
			<string>image.png</string>
			<key>path</key>
			<string>dice2.png</string>
			<key>sourceTree</key>
			<string>&lt;group&gt;</string>
		</dict>
		<key>179F3A8B17982A7500E1EC32</key>
		<dict>
			<key>isa</key>
			<string>PBXFileReference</string>
			<key>lastKnownFileType</key>
			<string>image.png</string>
			<key>path</key>
			<string>dice3.png</string>
			<key>sourceTree</key>
			<string>&lt;group&gt;</string>
		</dict>
		<key>179F3A8C17982A7500E1EC32</key>
		<dict>
			<key>isa</key>
			<string>PBXFileReference</string>
			<key>lastKnownFileType</key>
			<string>image.png</string>
			<key>path</key>
			<string>dice4.png</string>
			<key>sourceTree</key>
			<string>&lt;group&gt;</string>
		</dict>
		<key>179F3A8D17982A7500E1EC32</key>
		<dict>
			<key>isa</key>
			<string>PBXFileReference</string>
			<key>lastKnownFileType</key>
			<string>image.png</string>
			<key>path</key>
			<string>dice5.png</string>
			<key>sourceTree</key>
			<string>&lt;group&gt;</string>
		</dict>
		<key>179F3A8E17982A7500E1EC32</key>
		<dict>
			<key>isa</key>
			<string>PBXFileReference</string>
			<key>lastKnownFileType</key>
			<string>image.png</string>
			<key>path</key>
			<string>dice6.png</string>
			<key>sourceTree</key>
			<string>&lt;group&gt;</string>
		</dict>
		<key>179F3A8F17982A7500E1EC32</key>
		<dict>
			<key>fileRef</key>
			<string>179F3A8717982A7500E1EC32</string>
			<key>isa</key>
			<string>PBXBuildFile</string>
		</dict>
		<key>179F3A9017982A7500E1EC32</key>
		<dict>
			<key>fileRef</key>
			<string>179F3A8817982A7500E1EC32</string>
			<key>isa</key>
			<string>PBXBuildFile</string>
		</dict>
		<key>179F3A9117982A7500E1EC32</key>
		<dict>
			<key>fileRef</key>
			<string>179F3A8917982A7500E1EC32</string>
			<key>isa</key>
			<string>PBXBuildFile</string>
		</dict>
		<key>179F3A9217982A7500E1EC32</key>
		<dict>
			<key>fileRef</key>
			<string>179F3A8A17982A7500E1EC32</string>
			<key>isa</key>
			<string>PBXBuildFile</string>
		</dict>
		<key>179F3A9317982A7500E1EC32</key>
		<dict>
			<key>fileRef</key>
			<string>179F3A8B17982A7500E1EC32</string>
			<key>isa</key>
			<string>PBXBuildFile</string>
		</dict>
		<key>179F3A9417982A7500E1EC32</key>
		<dict>
			<key>fileRef</key>
			<string>179F3A8C17982A7500E1EC32</string>
			<key>isa</key>
			<string>PBXBuildFile</string>
		</dict>
		<key>179F3A9517982A7500E1EC32</key>
		<dict>
			<key>fileRef</key>
			<string>179F3A8D17982A7500E1EC32</string>
			<key>isa</key>
			<string>PBXBuildFile</string>
		</dict>
		<key>179F3A9617982A7500E1EC32</key>
		<dict>
			<key>fileRef</key>
			<string>179F3A8E17982A7500E1EC32</string>
			<key>isa</key>
			<string>PBXBuildFile</string>
		</dict>
		<key>18B07D6D065B4699BBAE681D</key>
		<dict>
			<key>explicitFileType</key>
			<string>archive.ar</string>
			<key>includeInIndex</key>
			<string>0</string>
			<key>isa</key>
			<string>PBXFileReference</string>
			<key>path</key>
			<string>libPods.a</string>
			<key>sourceTree</key>
			<string>BUILT_PRODUCTS_DIR</string>
		</dict>
		<key>51005A1DDB3F48DFA9409633</key>
		<dict>
			<key>buildActionMask</key>
			<string>2147483647</string>
			<key>files</key>
			<array/>
			<key>inputPaths</key>
			<array/>
			<key>isa</key>
			<string>PBXShellScriptBuildPhase</string>
			<key>name</key>
			<string>Copy Pods Resources</string>
			<key>outputPaths</key>
			<array/>
			<key>runOnlyForDeploymentPostprocessing</key>
			<string>0</string>
			<key>shellPath</key>
			<string>/bin/sh</string>
			<key>shellScript</key>
			<string>"${SRCROOT}/Pods/Pods-resources.sh"
</string>
			<key>showEnvVarsInLog</key>
			<string>0</string>
		</dict>
		<key>71F385E3DE9C4FF6A94B4315</key>
		<dict>
			<key>includeInIndex</key>
			<string>1</string>
			<key>isa</key>
			<string>PBXFileReference</string>
			<key>lastKnownFileType</key>
			<string>text.xcconfig</string>
			<key>name</key>
			<string>Pods.xcconfig</string>
			<key>path</key>
			<string>Pods/Pods.xcconfig</string>
			<key>sourceTree</key>
			<string>&lt;group&gt;</string>
		</dict>
		<key>8822EBE85A194160AE6A3511</key>
		<dict>
			<key>fileRef</key>
			<string>18B07D6D065B4699BBAE681D</string>
			<key>isa</key>
			<string>PBXBuildFile</string>
		</dict>
		<key>99609021EBCF43DEBBEAE86F</key>
		<dict>
			<key>buildActionMask</key>
			<string>2147483647</string>
			<key>files</key>
			<array/>
			<key>inputPaths</key>
			<array/>
			<key>isa</key>
			<string>PBXShellScriptBuildPhase</string>
			<key>name</key>
			<string>Check Pods Manifest.lock</string>
			<key>outputPaths</key>
			<array/>
			<key>runOnlyForDeploymentPostprocessing</key>
			<string>0</string>
			<key>shellPath</key>
			<string>/bin/sh</string>
			<key>shellScript</key>
			<string>diff "${PODS_ROOT}/../Podfile.lock" "${PODS_ROOT}/Manifest.lock" &gt; /dev/null
if [[ $? != 0 ]] ; then
    cat &lt;&lt; EOM
error: The sandbox is not in sync with the Podfile.lock. Run 'pod install' or update your CocoaPods installation.
EOM
    exit 1
fi
</string>
			<key>showEnvVarsInLog</key>
			<string>0</string>
		</dict>
		<key>9FEAD67A17991B49001DD2D1</key>
		<dict>
			<key>isa</key>
			<string>PBXFileReference</string>
			<key>lastKnownFileType</key>
			<string>image.png</string>
			<key>path</key>
			<string>Overlay.png</string>
			<key>sourceTree</key>
			<string>&lt;group&gt;</string>
		</dict>
		<key>9FEAD67B17991B49001DD2D1</key>
		<dict>
			<key>isa</key>
			<string>PBXFileReference</string>
			<key>lastKnownFileType</key>
			<string>image.png</string>
			<key>path</key>
			<string>Overlay@2x.png</string>
			<key>sourceTree</key>
			<string>&lt;group&gt;</string>
		</dict>
		<key>9FEAD67C17991B49001DD2D1</key>
		<dict>
			<key>isa</key>
			<string>PBXFileReference</string>
			<key>lastKnownFileType</key>
			<string>image.png</string>
			<key>path</key>
			<string>elc-ios-icon@2x.png</string>
			<key>sourceTree</key>
			<string>&lt;group&gt;</string>
		</dict>
		<key>9FEAD67D17991B49001DD2D1</key>
		<dict>
			<key>isa</key>
			<string>PBXFileReference</string>
			<key>lastKnownFileType</key>
			<string>image.png</string>
			<key>path</key>
			<string>elc-ios-icon.png</string>
			<key>sourceTree</key>
			<string>&lt;group&gt;</string>
		</dict>
		<key>9FEAD67E17991B49001DD2D1</key>
		<dict>
			<key>fileRef</key>
			<string>9FEAD67A17991B49001DD2D1</string>
			<key>isa</key>
			<string>PBXBuildFile</string>
		</dict>
		<key>9FEAD67F17991B49001DD2D1</key>
		<dict>
			<key>fileRef</key>
			<string>9FEAD67B17991B49001DD2D1</string>
			<key>isa</key>
			<string>PBXBuildFile</string>
		</dict>
		<key>9FEAD68017991B49001DD2D1</key>
		<dict>
			<key>fileRef</key>
			<string>9FEAD67C17991B49001DD2D1</string>
			<key>isa</key>
			<string>PBXBuildFile</string>
		</dict>
		<key>9FEAD68117991B49001DD2D1</key>
		<dict>
			<key>fileRef</key>
			<string>9FEAD67D17991B49001DD2D1</string>
			<key>isa</key>
			<string>PBXBuildFile</string>
		</dict>
		<key>9FEBB9721798FD740015EBD7</key>
		<dict>
			<key>isa</key>
			<string>PBXFileReference</string>
			<key>lastKnownFileType</key>
			<string>image.jpeg</string>
			<key>path</key>
			<string>treasure.jpg</string>
			<key>sourceTree</key>
			<string>&lt;group&gt;</string>
		</dict>
		<key>9FEBB9731798FD740015EBD7</key>
		<dict>
			<key>fileRef</key>
			<string>9FEBB9721798FD740015EBD7</string>
			<key>isa</key>
			<string>PBXBuildFile</string>
		</dict>
		<key>9FEBB97417990C720015EBD7</key>
		<dict>
			<key>children</key>
			<array>
				<string>9FEBB97517990C930015EBD7</string>
				<string>9FEBB97617990C930015EBD7</string>
				<string>9FEBB97717990C930015EBD7</string>
				<string>9FEBB97817990C940015EBD7</string>
				<string>9FEBB97917990C940015EBD7</string>
				<string>9FEBB97A17990C940015EBD7</string>
				<string>9FEBB97B17990C940015EBD7</string>
				<string>9FEBB97C17990C940015EBD7</string>
				<string>9FEBB97D17990C940015EBD7</string>
				<string>9FEBB97E17990C950015EBD7</string>
				<string>9FEBB97F17990C950015EBD7</string>
			</array>
			<key>isa</key>
			<string>PBXGroup</string>
			<key>name</key>
			<string>Image Picker</string>
			<key>sourceTree</key>
			<string>&lt;group&gt;</string>
		</dict>
		<key>9FEBB97517990C930015EBD7</key>
		<dict>
			<key>fileEncoding</key>
			<string>4</string>
			<key>isa</key>
			<string>PBXFileReference</string>
			<key>lastKnownFileType</key>
			<string>sourcecode.c.h</string>
			<key>path</key>
			<string>ELCAlbumPickerController.h</string>
			<key>sourceTree</key>
			<string>&lt;group&gt;</string>
		</dict>
		<key>9FEBB97617990C930015EBD7</key>
		<dict>
			<key>fileEncoding</key>
			<string>4</string>
			<key>isa</key>
			<string>PBXFileReference</string>
			<key>lastKnownFileType</key>
			<string>sourcecode.c.objc</string>
			<key>path</key>
			<string>ELCAlbumPickerController.m</string>
			<key>sourceTree</key>
			<string>&lt;group&gt;</string>
		</dict>
		<key>9FEBB97717990C930015EBD7</key>
		<dict>
			<key>fileEncoding</key>
			<string>4</string>
			<key>isa</key>
			<string>PBXFileReference</string>
			<key>lastKnownFileType</key>
			<string>sourcecode.c.h</string>
			<key>path</key>
			<string>ELCAsset.h</string>
			<key>sourceTree</key>
			<string>&lt;group&gt;</string>
		</dict>
		<key>9FEBB97817990C940015EBD7</key>
		<dict>
			<key>fileEncoding</key>
			<string>4</string>
			<key>isa</key>
			<string>PBXFileReference</string>
			<key>lastKnownFileType</key>
			<string>sourcecode.c.objc</string>
			<key>path</key>
			<string>ELCAsset.m</string>
			<key>sourceTree</key>
			<string>&lt;group&gt;</string>
		</dict>
		<key>9FEBB97917990C940015EBD7</key>
		<dict>
			<key>fileEncoding</key>
			<string>4</string>
			<key>isa</key>
			<string>PBXFileReference</string>
			<key>lastKnownFileType</key>
			<string>sourcecode.c.h</string>
			<key>path</key>
			<string>ELCAssetCell.h</string>
			<key>sourceTree</key>
			<string>&lt;group&gt;</string>
		</dict>
		<key>9FEBB97A17990C940015EBD7</key>
		<dict>
			<key>fileEncoding</key>
			<string>4</string>
			<key>isa</key>
			<string>PBXFileReference</string>
			<key>lastKnownFileType</key>
			<string>sourcecode.c.objc</string>
			<key>path</key>
			<string>ELCAssetCell.m</string>
			<key>sourceTree</key>
			<string>&lt;group&gt;</string>
		</dict>
		<key>9FEBB97B17990C940015EBD7</key>
		<dict>
			<key>fileEncoding</key>
			<string>4</string>
			<key>isa</key>
			<string>PBXFileReference</string>
			<key>lastKnownFileType</key>
			<string>sourcecode.c.h</string>
			<key>path</key>
			<string>ELCAssetSelectionDelegate.h</string>
			<key>sourceTree</key>
			<string>&lt;group&gt;</string>
		</dict>
		<key>9FEBB97C17990C940015EBD7</key>
		<dict>
			<key>fileEncoding</key>
			<string>4</string>
			<key>isa</key>
			<string>PBXFileReference</string>
			<key>lastKnownFileType</key>
			<string>sourcecode.c.h</string>
			<key>path</key>
			<string>ELCAssetTablePicker.h</string>
			<key>sourceTree</key>
			<string>&lt;group&gt;</string>
		</dict>
		<key>9FEBB97D17990C940015EBD7</key>
		<dict>
			<key>fileEncoding</key>
			<string>4</string>
			<key>isa</key>
			<string>PBXFileReference</string>
			<key>lastKnownFileType</key>
			<string>sourcecode.c.objc</string>
			<key>path</key>
			<string>ELCAssetTablePicker.m</string>
			<key>sourceTree</key>
			<string>&lt;group&gt;</string>
		</dict>
		<key>9FEBB97E17990C950015EBD7</key>
		<dict>
			<key>fileEncoding</key>
			<string>4</string>
			<key>isa</key>
			<string>PBXFileReference</string>
			<key>lastKnownFileType</key>
			<string>sourcecode.c.h</string>
			<key>path</key>
			<string>ELCImagePickerController.h</string>
			<key>sourceTree</key>
			<string>&lt;group&gt;</string>
		</dict>
		<key>9FEBB97F17990C950015EBD7</key>
		<dict>
			<key>fileEncoding</key>
			<string>4</string>
			<key>isa</key>
			<string>PBXFileReference</string>
			<key>lastKnownFileType</key>
			<string>sourcecode.c.objc</string>
			<key>path</key>
			<string>ELCImagePickerController.m</string>
			<key>sourceTree</key>
			<string>&lt;group&gt;</string>
		</dict>
		<key>9FEBB98017990C950015EBD7</key>
		<dict>
			<key>fileRef</key>
			<string>9FEBB97617990C930015EBD7</string>
			<key>isa</key>
			<string>PBXBuildFile</string>
		</dict>
		<key>9FEBB98117990C950015EBD7</key>
		<dict>
			<key>fileRef</key>
			<string>9FEBB97817990C940015EBD7</string>
			<key>isa</key>
			<string>PBXBuildFile</string>
		</dict>
		<key>9FEBB98217990C950015EBD7</key>
		<dict>
			<key>fileRef</key>
			<string>9FEBB97A17990C940015EBD7</string>
			<key>isa</key>
			<string>PBXBuildFile</string>
		</dict>
		<key>9FEBB98317990C950015EBD7</key>
		<dict>
			<key>fileRef</key>
			<string>9FEBB97D17990C940015EBD7</string>
			<key>isa</key>
			<string>PBXBuildFile</string>
		</dict>
		<key>9FEBB98417990C950015EBD7</key>
		<dict>
			<key>fileRef</key>
			<string>9FEBB97F17990C950015EBD7</string>
			<key>isa</key>
			<string>PBXBuildFile</string>
		</dict>
		<key>9FEBB98517990DC70015EBD7</key>
		<dict>
			<key>isa</key>
			<string>PBXFileReference</string>
			<key>lastKnownFileType</key>
			<string>wrapper.framework</string>
			<key>name</key>
			<string>AssetsLibrary.framework</string>
			<key>path</key>
			<string>System/Library/Frameworks/AssetsLibrary.framework</string>
			<key>sourceTree</key>
			<string>SDKROOT</string>
		</dict>
		<key>9FEBB98617990DC70015EBD7</key>
		<dict>
			<key>fileRef</key>
			<string>9FEBB98517990DC70015EBD7</string>
			<key>isa</key>
			<string>PBXBuildFile</string>
		</dict>
		<key>D1D849CD1797FC0F00F605A5</key>
		<dict>
			<key>children</key>
			<array>
				<string>1742EBD11797F3F600CCDDE8</string>
				<string>1742EBD21797F3F600CCDDE8</string>
				<string>1742EBD41797F3F600CCDDE8</string>
				<string>1742EC001797F9D900CCDDE8</string>
				<string>1742EC011797F9D900CCDDE8</string>
				<string>1742EC021797F9D900CCDDE8</string>
				<string>1742EC051797FA1800CCDDE8</string>
				<string>1742EC061797FA1800CCDDE8</string>
				<string>1742EC071797FA1800CCDDE8</string>
				<string>1742EC0A1797FA7C00CCDDE8</string>
				<string>1742EC0B1797FA7C00CCDDE8</string>
				<string>1742EC0C1797FA7C00CCDDE8</string>
			</array>
			<key>isa</key>
			<string>PBXGroup</string>
			<key>name</key>
			<string>ViewController</string>
			<key>sourceTree</key>
			<string>&lt;group&gt;</string>
		</dict>
		<key>D1D84A2A17982C9000F605A5</key>
		<dict>
			<key>isa</key>
			<string>PBXFileReference</string>
			<key>lastKnownFileType</key>
			<string>wrapper.framework</string>
			<key>name</key>
			<string>QuartzCore.framework</string>
			<key>path</key>
			<string>System/Library/Frameworks/QuartzCore.framework</string>
			<key>sourceTree</key>
			<string>SDKROOT</string>
		</dict>
		<key>D1D84A2B17982C9000F605A5</key>
		<dict>
			<key>fileRef</key>
			<string>D1D84A2A17982C9000F605A5</string>
			<key>isa</key>
			<string>PBXBuildFile</string>
		</dict>
	</dict>
	<key>rootObject</key>
	<string>1742EBB21797F3F600CCDDE8</string>
</dict>
</plist>
