// !$*UTF8*$!
{
	archiveVersion = 1;
	classes = {
	};
	objectVersion = 46;
	objects = {

/* Begin PBXBuildFile section */
		1742EBC01797F3F600CCDDE8 /* UIKit.framework in Frameworks */ = {isa = PBXBuildFile; fileRef = 1742EBBF1797F3F600CCDDE8 /* UIKit.framework */; };
		1742EBC21797F3F600CCDDE8 /* Foundation.framework in Frameworks */ = {isa = PBXBuildFile; fileRef = 1742EBC11797F3F600CCDDE8 /* Foundation.framework */; };
		1742EBC41797F3F600CCDDE8 /* CoreGraphics.framework in Frameworks */ = {isa = PBXBuildFile; fileRef = 1742EBC31797F3F600CCDDE8 /* CoreGraphics.framework */; };
		1742EBCA1797F3F600CCDDE8 /* InfoPlist.strings in Resources */ = {isa = PBXBuildFile; fileRef = 1742EBC81797F3F600CCDDE8 /* InfoPlist.strings */; };
		1742EBCC1797F3F600CCDDE8 /* main.m in Sources */ = {isa = PBXBuildFile; fileRef = 1742EBCB1797F3F600CCDDE8 /* main.m */; };
		1742EBD01797F3F600CCDDE8 /* AppDelegate.m in Sources */ = {isa = PBXBuildFile; fileRef = 1742EBCF1797F3F600CCDDE8 /* AppDelegate.m */; };
		1742EBD31797F3F600CCDDE8 /* LaunchPageViewController.m in Sources */ = {isa = PBXBuildFile; fileRef = 1742EBD21797F3F600CCDDE8 /* LaunchPageViewController.m */; };
		1742EBD61797F3F600CCDDE8 /* LaunchPageViewController.xib in Resources */ = {isa = PBXBuildFile; fileRef = 1742EBD41797F3F600CCDDE8 /* LaunchPageViewController.xib */; };
		1742EBDE1797F3F600CCDDE8 /* SenTestingKit.framework in Frameworks */ = {isa = PBXBuildFile; fileRef = 1742EBDD1797F3F600CCDDE8 /* SenTestingKit.framework */; };
		1742EBDF1797F3F600CCDDE8 /* UIKit.framework in Frameworks */ = {isa = PBXBuildFile; fileRef = 1742EBBF1797F3F600CCDDE8 /* UIKit.framework */; };
		1742EBE01797F3F600CCDDE8 /* Foundation.framework in Frameworks */ = {isa = PBXBuildFile; fileRef = 1742EBC11797F3F600CCDDE8 /* Foundation.framework */; };
		1742EBE81797F3F600CCDDE8 /* InfoPlist.strings in Resources */ = {isa = PBXBuildFile; fileRef = 1742EBE61797F3F600CCDDE8 /* InfoPlist.strings */; };
		1742EBEB1797F3F600CCDDE8 /* RandomPickerGeneratorTests.m in Sources */ = {isa = PBXBuildFile; fileRef = 1742EBEA1797F3F600CCDDE8 /* RandomPickerGeneratorTests.m */; };
		1742EBFC1797F67200CCDDE8 /* RandomElement.m in Sources */ = {isa = PBXBuildFile; fileRef = 1742EBFB1797F67200CCDDE8 /* RandomElement.m */; };
		1742EBFF1797F68F00CCDDE8 /* RandomElementCollection.m in Sources */ = {isa = PBXBuildFile; fileRef = 1742EBFE1797F68F00CCDDE8 /* RandomElementCollection.m */; };
		1742EC031797F9D900CCDDE8 /* ResultsViewController.m in Sources */ = {isa = PBXBuildFile; fileRef = 1742EC011797F9D900CCDDE8 /* ResultsViewController.m */; };
		1742EC041797F9D900CCDDE8 /* ResultsViewController.xib in Resources */ = {isa = PBXBuildFile; fileRef = 1742EC021797F9D900CCDDE8 /* ResultsViewController.xib */; };
		1742EC081797FA1800CCDDE8 /* CustomRandomCollectionTableViewController.m in Sources */ = {isa = PBXBuildFile; fileRef = 1742EC061797FA1800CCDDE8 /* CustomRandomCollectionTableViewController.m */; };
		1742EC091797FA1800CCDDE8 /* CustomRandomCollectionTableViewController.xib in Resources */ = {isa = PBXBuildFile; fileRef = 1742EC071797FA1800CCDDE8 /* CustomRandomCollectionTableViewController.xib */; };
		1742EC0D1797FA7C00CCDDE8 /* AddCustomRandomCollectionViewController.m in Sources */ = {isa = PBXBuildFile; fileRef = 1742EC0B1797FA7C00CCDDE8 /* AddCustomRandomCollectionViewController.m */; };
		1742EC0E1797FA7C00CCDDE8 /* AddCustomRandomCollectionViewController.xib in Resources */ = {isa = PBXBuildFile; fileRef = 1742EC0C1797FA7C00CCDDE8 /* AddCustomRandomCollectionViewController.xib */; };
		1742ED3717980FFF00CCDDE8 /* 718457_f260.jpg in Resources */ = {isa = PBXBuildFile; fileRef = 1742ED0317980FFF00CCDDE8 /* 718457_f260.jpg */; };
		1742ED3817980FFF00CCDDE8 /* 718458_f260.jpg in Resources */ = {isa = PBXBuildFile; fileRef = 1742ED0417980FFF00CCDDE8 /* 718458_f260.jpg */; };
		1742ED3917980FFF00CCDDE8 /* 718459_f260.jpg in Resources */ = {isa = PBXBuildFile; fileRef = 1742ED0517980FFF00CCDDE8 /* 718459_f260.jpg */; };
		1742ED3A17980FFF00CCDDE8 /* 718460_f260.jpg in Resources */ = {isa = PBXBuildFile; fileRef = 1742ED0617980FFF00CCDDE8 /* 718460_f260.jpg */; };
		1742ED3B17980FFF00CCDDE8 /* 718461_f260.jpg in Resources */ = {isa = PBXBuildFile; fileRef = 1742ED0717980FFF00CCDDE8 /* 718461_f260.jpg */; };
		1742ED3C17980FFF00CCDDE8 /* 718462_f260.jpg in Resources */ = {isa = PBXBuildFile; fileRef = 1742ED0817980FFF00CCDDE8 /* 718462_f260.jpg */; };
		1742ED3D17980FFF00CCDDE8 /* 718463_f260.jpg in Resources */ = {isa = PBXBuildFile; fileRef = 1742ED0917980FFF00CCDDE8 /* 718463_f260.jpg */; };
		1742ED3E17980FFF00CCDDE8 /* 718464_f260.jpg in Resources */ = {isa = PBXBuildFile; fileRef = 1742ED0A17980FFF00CCDDE8 /* 718464_f260.jpg */; };
		1742ED3F17980FFF00CCDDE8 /* 718465_f260.jpg in Resources */ = {isa = PBXBuildFile; fileRef = 1742ED0B17980FFF00CCDDE8 /* 718465_f260.jpg */; };
		1742ED4017980FFF00CCDDE8 /* 718466_f260.jpg in Resources */ = {isa = PBXBuildFile; fileRef = 1742ED0C17980FFF00CCDDE8 /* 718466_f260.jpg */; };
		1742ED4117980FFF00CCDDE8 /* 718468_f260.jpg in Resources */ = {isa = PBXBuildFile; fileRef = 1742ED0D17980FFF00CCDDE8 /* 718468_f260.jpg */; };
		1742ED4217980FFF00CCDDE8 /* 718478_f260.jpg in Resources */ = {isa = PBXBuildFile; fileRef = 1742ED0E17980FFF00CCDDE8 /* 718478_f260.jpg */; };
		1742ED4317980FFF00CCDDE8 /* 718479_f260.jpg in Resources */ = {isa = PBXBuildFile; fileRef = 1742ED0F17980FFF00CCDDE8 /* 718479_f260.jpg */; };
		1742ED4417980FFF00CCDDE8 /* 718480_f260.jpg in Resources */ = {isa = PBXBuildFile; fileRef = 1742ED1017980FFF00CCDDE8 /* 718480_f260.jpg */; };
		1742ED4517980FFF00CCDDE8 /* 718481_f260.jpg in Resources */ = {isa = PBXBuildFile; fileRef = 1742ED1117980FFF00CCDDE8 /* 718481_f260.jpg */; };
		1742ED4617980FFF00CCDDE8 /* 718482_f260.jpg in Resources */ = {isa = PBXBuildFile; fileRef = 1742ED1217980FFF00CCDDE8 /* 718482_f260.jpg */; };
		1742ED4717980FFF00CCDDE8 /* 718483_f260.jpg in Resources */ = {isa = PBXBuildFile; fileRef = 1742ED1317980FFF00CCDDE8 /* 718483_f260.jpg */; };
		1742ED4817980FFF00CCDDE8 /* 718484_f260.jpg in Resources */ = {isa = PBXBuildFile; fileRef = 1742ED1417980FFF00CCDDE8 /* 718484_f260.jpg */; };
		1742ED4917980FFF00CCDDE8 /* 718485_f260.jpg in Resources */ = {isa = PBXBuildFile; fileRef = 1742ED1517980FFF00CCDDE8 /* 718485_f260.jpg */; };
		1742ED4A17980FFF00CCDDE8 /* 718489_f260.jpg in Resources */ = {isa = PBXBuildFile; fileRef = 1742ED1617980FFF00CCDDE8 /* 718489_f260.jpg */; };
		1742ED4B17980FFF00CCDDE8 /* 718490_f260.jpg in Resources */ = {isa = PBXBuildFile; fileRef = 1742ED1717980FFF00CCDDE8 /* 718490_f260.jpg */; };
		1742ED4C17980FFF00CCDDE8 /* 718491_f260.jpg in Resources */ = {isa = PBXBuildFile; fileRef = 1742ED1817980FFF00CCDDE8 /* 718491_f260.jpg */; };
		1742ED4D17980FFF00CCDDE8 /* 718492_f260.jpg in Resources */ = {isa = PBXBuildFile; fileRef = 1742ED1917980FFF00CCDDE8 /* 718492_f260.jpg */; };
		1742ED4E17980FFF00CCDDE8 /* 718493_f260.jpg in Resources */ = {isa = PBXBuildFile; fileRef = 1742ED1A17980FFF00CCDDE8 /* 718493_f260.jpg */; };
		1742ED4F17980FFF00CCDDE8 /* 718494_f260.jpg in Resources */ = {isa = PBXBuildFile; fileRef = 1742ED1B17980FFF00CCDDE8 /* 718494_f260.jpg */; };
		1742ED5017980FFF00CCDDE8 /* 718495_f260.jpg in Resources */ = {isa = PBXBuildFile; fileRef = 1742ED1C17980FFF00CCDDE8 /* 718495_f260.jpg */; };
		1742ED5117980FFF00CCDDE8 /* 718496_f260.jpg in Resources */ = {isa = PBXBuildFile; fileRef = 1742ED1D17980FFF00CCDDE8 /* 718496_f260.jpg */; };
		1742ED5217980FFF00CCDDE8 /* 718499_f260.jpg in Resources */ = {isa = PBXBuildFile; fileRef = 1742ED1E17980FFF00CCDDE8 /* 718499_f260.jpg */; };
		1742ED5317980FFF00CCDDE8 /* 718500_f260.jpg in Resources */ = {isa = PBXBuildFile; fileRef = 1742ED1F17980FFF00CCDDE8 /* 718500_f260.jpg */; };
		1742ED5417980FFF00CCDDE8 /* 718501_f260.jpg in Resources */ = {isa = PBXBuildFile; fileRef = 1742ED2017980FFF00CCDDE8 /* 718501_f260.jpg */; };
		1742ED5517980FFF00CCDDE8 /* 718502_f260.jpg in Resources */ = {isa = PBXBuildFile; fileRef = 1742ED2117980FFF00CCDDE8 /* 718502_f260.jpg */; };
		1742ED5617980FFF00CCDDE8 /* 718503_f260.jpg in Resources */ = {isa = PBXBuildFile; fileRef = 1742ED2217980FFF00CCDDE8 /* 718503_f260.jpg */; };
		1742ED5717980FFF00CCDDE8 /* 718504_f260.jpg in Resources */ = {isa = PBXBuildFile; fileRef = 1742ED2317980FFF00CCDDE8 /* 718504_f260.jpg */; };
		1742ED5817980FFF00CCDDE8 /* 718505_f260.jpg in Resources */ = {isa = PBXBuildFile; fileRef = 1742ED2417980FFF00CCDDE8 /* 718505_f260.jpg */; };
		1742ED5917980FFF00CCDDE8 /* 718506_f260.jpg in Resources */ = {isa = PBXBuildFile; fileRef = 1742ED2517980FFF00CCDDE8 /* 718506_f260.jpg */; };
		1742ED5A17980FFF00CCDDE8 /* 718509_f260.jpg in Resources */ = {isa = PBXBuildFile; fileRef = 1742ED2617980FFF00CCDDE8 /* 718509_f260.jpg */; };
		1742ED5B17980FFF00CCDDE8 /* 718510_f260.jpg in Resources */ = {isa = PBXBuildFile; fileRef = 1742ED2717980FFF00CCDDE8 /* 718510_f260.jpg */; };
		1742ED5C17980FFF00CCDDE8 /* 718511_f260.jpg in Resources */ = {isa = PBXBuildFile; fileRef = 1742ED2817980FFF00CCDDE8 /* 718511_f260.jpg */; };
		1742ED5D17980FFF00CCDDE8 /* 718512_f260.jpg in Resources */ = {isa = PBXBuildFile; fileRef = 1742ED2917980FFF00CCDDE8 /* 718512_f260.jpg */; };
		1742ED5E17980FFF00CCDDE8 /* 718513_f260.jpg in Resources */ = {isa = PBXBuildFile; fileRef = 1742ED2A17980FFF00CCDDE8 /* 718513_f260.jpg */; };
		1742ED5F17980FFF00CCDDE8 /* 718514_f260.jpg in Resources */ = {isa = PBXBuildFile; fileRef = 1742ED2B17980FFF00CCDDE8 /* 718514_f260.jpg */; };
		1742ED6017980FFF00CCDDE8 /* 718515_f260.jpg in Resources */ = {isa = PBXBuildFile; fileRef = 1742ED2C17980FFF00CCDDE8 /* 718515_f260.jpg */; };
		1742ED6117980FFF00CCDDE8 /* 718516_f260.jpg in Resources */ = {isa = PBXBuildFile; fileRef = 1742ED2D17980FFF00CCDDE8 /* 718516_f260.jpg */; };
		1742ED6217980FFF00CCDDE8 /* 718517_f260.jpg in Resources */ = {isa = PBXBuildFile; fileRef = 1742ED2E17980FFF00CCDDE8 /* 718517_f260.jpg */; };
		1742ED6317980FFF00CCDDE8 /* 718518_f260.jpg in Resources */ = {isa = PBXBuildFile; fileRef = 1742ED2F17980FFF00CCDDE8 /* 718518_f260.jpg */; };
		1742ED6417980FFF00CCDDE8 /* 718519_f260.jpg in Resources */ = {isa = PBXBuildFile; fileRef = 1742ED3017980FFF00CCDDE8 /* 718519_f260.jpg */; };
		1742ED6517980FFF00CCDDE8 /* 718520_f260.jpg in Resources */ = {isa = PBXBuildFile; fileRef = 1742ED3117980FFF00CCDDE8 /* 718520_f260.jpg */; };
		1742ED6617980FFF00CCDDE8 /* 718521_f260.jpg in Resources */ = {isa = PBXBuildFile; fileRef = 1742ED3217980FFF00CCDDE8 /* 718521_f260.jpg */; };
		1742ED6717980FFF00CCDDE8 /* 718522_f260.jpg in Resources */ = {isa = PBXBuildFile; fileRef = 1742ED3317980FFF00CCDDE8 /* 718522_f260.jpg */; };
		1742ED6817980FFF00CCDDE8 /* 718523_f260.jpg in Resources */ = {isa = PBXBuildFile; fileRef = 1742ED3417980FFF00CCDDE8 /* 718523_f260.jpg */; };
		1742ED6917980FFF00CCDDE8 /* 718524_f260.jpg in Resources */ = {isa = PBXBuildFile; fileRef = 1742ED3517980FFF00CCDDE8 /* 718524_f260.jpg */; };
		1742ED6A17980FFF00CCDDE8 /* 718527_f260.jpg in Resources */ = {isa = PBXBuildFile; fileRef = 1742ED3617980FFF00CCDDE8 /* 718527_f260.jpg */; };
		1742ED6C17981D1000CCDDE8 /* Wallpaper.jpeg in Resources */ = {isa = PBXBuildFile; fileRef = 1742ED6B17981D1000CCDDE8 /* Wallpaper.jpeg */; };
		179F3A84179823ED00E1EC32 /* icon.png in Resources */ = {isa = PBXBuildFile; fileRef = 179F3A83179823ED00E1EC32 /* icon.png */; };
		179F3A86179823F100E1EC32 /* icon@2x.png in Resources */ = {isa = PBXBuildFile; fileRef = 179F3A85179823F100E1EC32 /* icon@2x.png */; };
		179F3A8F17982A7500E1EC32 /* coin-head.jpg in Resources */ = {isa = PBXBuildFile; fileRef = 179F3A8717982A7500E1EC32 /* coin-head.jpg */; };
		179F3A9017982A7500E1EC32 /* coin-tail.jpg in Resources */ = {isa = PBXBuildFile; fileRef = 179F3A8817982A7500E1EC32 /* coin-tail.jpg */; };
		179F3A9117982A7500E1EC32 /* dice1.png in Resources */ = {isa = PBXBuildFile; fileRef = 179F3A8917982A7500E1EC32 /* dice1.png */; };
		179F3A9217982A7500E1EC32 /* dice2.png in Resources */ = {isa = PBXBuildFile; fileRef = 179F3A8A17982A7500E1EC32 /* dice2.png */; };
		179F3A9317982A7500E1EC32 /* dice3.png in Resources */ = {isa = PBXBuildFile; fileRef = 179F3A8B17982A7500E1EC32 /* dice3.png */; };
		179F3A9417982A7500E1EC32 /* dice4.png in Resources */ = {isa = PBXBuildFile; fileRef = 179F3A8C17982A7500E1EC32 /* dice4.png */; };
		179F3A9517982A7500E1EC32 /* dice5.png in Resources */ = {isa = PBXBuildFile; fileRef = 179F3A8D17982A7500E1EC32 /* dice5.png */; };
		179F3A9617982A7500E1EC32 /* dice6.png in Resources */ = {isa = PBXBuildFile; fileRef = 179F3A8E17982A7500E1EC32 /* dice6.png */; };
		9FEBB9731798FD740015EBD7 /* treasure.jpg in Resources */ = {isa = PBXBuildFile; fileRef = 9FEBB9721798FD740015EBD7 /* treasure.jpg */; };
		D1D84A2B17982C9000F605A5 /* QuartzCore.framework in Frameworks */ = {isa = PBXBuildFile; fileRef = D1D84A2A17982C9000F605A5 /* QuartzCore.framework */; };
/* End PBXBuildFile section */

/* Begin PBXContainerItemProxy section */
		1742EBE11797F3F600CCDDE8 /* PBXContainerItemProxy */ = {
			isa = PBXContainerItemProxy;
			containerPortal = 1742EBB21797F3F600CCDDE8 /* Project object */;
			proxyType = 1;
			remoteGlobalIDString = 1742EBBA1797F3F600CCDDE8;
			remoteInfo = RandomPickerGenerator;
		};
/* End PBXContainerItemProxy section */

/* Begin PBXFileReference section */
		1742EBBB1797F3F600CCDDE8 /* RandomPickerGenerator.app */ = {isa = PBXFileReference; explicitFileType = wrapper.application; includeInIndex = 0; path = RandomPickerGenerator.app; sourceTree = BUILT_PRODUCTS_DIR; };
		1742EBBF1797F3F600CCDDE8 /* UIKit.framework */ = {isa = PBXFileReference; lastKnownFileType = wrapper.framework; name = UIKit.framework; path = System/Library/Frameworks/UIKit.framework; sourceTree = SDKROOT; };
		1742EBC11797F3F600CCDDE8 /* Foundation.framework */ = {isa = PBXFileReference; lastKnownFileType = wrapper.framework; name = Foundation.framework; path = System/Library/Frameworks/Foundation.framework; sourceTree = SDKROOT; };
		1742EBC31797F3F600CCDDE8 /* CoreGraphics.framework */ = {isa = PBXFileReference; lastKnownFileType = wrapper.framework; name = CoreGraphics.framework; path = System/Library/Frameworks/CoreGraphics.framework; sourceTree = SDKROOT; };
		1742EBC71797F3F600CCDDE8 /* RandomPickerGenerator-Info.plist */ = {isa = PBXFileReference; lastKnownFileType = text.plist.xml; path = "RandomPickerGenerator-Info.plist"; sourceTree = "<group>"; };
		1742EBC91797F3F600CCDDE8 /* en */ = {isa = PBXFileReference; lastKnownFileType = text.plist.strings; name = en; path = en.lproj/InfoPlist.strings; sourceTree = "<group>"; };
		1742EBCB1797F3F600CCDDE8 /* main.m */ = {isa = PBXFileReference; lastKnownFileType = sourcecode.c.objc; path = main.m; sourceTree = "<group>"; };
		1742EBCD1797F3F600CCDDE8 /* RandomPickerGenerator-Prefix.pch */ = {isa = PBXFileReference; lastKnownFileType = sourcecode.c.h; path = "RandomPickerGenerator-Prefix.pch"; sourceTree = "<group>"; };
		1742EBCE1797F3F600CCDDE8 /* AppDelegate.h */ = {isa = PBXFileReference; lastKnownFileType = sourcecode.c.h; path = AppDelegate.h; sourceTree = "<group>"; };
		1742EBCF1797F3F600CCDDE8 /* AppDelegate.m */ = {isa = PBXFileReference; lastKnownFileType = sourcecode.c.objc; path = AppDelegate.m; sourceTree = "<group>"; };
		1742EBD11797F3F600CCDDE8 /* LaunchPageViewController.h */ = {isa = PBXFileReference; lastKnownFileType = sourcecode.c.h; path = LaunchPageViewController.h; sourceTree = "<group>"; };
		1742EBD21797F3F600CCDDE8 /* LaunchPageViewController.m */ = {isa = PBXFileReference; lastKnownFileType = sourcecode.c.objc; path = LaunchPageViewController.m; sourceTree = "<group>"; };
		1742EBD51797F3F600CCDDE8 /* en */ = {isa = PBXFileReference; lastKnownFileType = file.xib; name = en; path = en.lproj/LaunchPageViewController.xib; sourceTree = "<group>"; };
		1742EBDC1797F3F600CCDDE8 /* RandomPickerGeneratorTests.octest */ = {isa = PBXFileReference; explicitFileType = wrapper.cfbundle; includeInIndex = 0; path = RandomPickerGeneratorTests.octest; sourceTree = BUILT_PRODUCTS_DIR; };
		1742EBDD1797F3F600CCDDE8 /* SenTestingKit.framework */ = {isa = PBXFileReference; lastKnownFileType = wrapper.framework; name = SenTestingKit.framework; path = Library/Frameworks/SenTestingKit.framework; sourceTree = DEVELOPER_DIR; };
		1742EBE51797F3F600CCDDE8 /* RandomPickerGeneratorTests-Info.plist */ = {isa = PBXFileReference; lastKnownFileType = text.plist.xml; path = "RandomPickerGeneratorTests-Info.plist"; sourceTree = "<group>"; };
		1742EBE71797F3F600CCDDE8 /* en */ = {isa = PBXFileReference; lastKnownFileType = text.plist.strings; name = en; path = en.lproj/InfoPlist.strings; sourceTree = "<group>"; };
		1742EBE91797F3F600CCDDE8 /* RandomPickerGeneratorTests.h */ = {isa = PBXFileReference; lastKnownFileType = sourcecode.c.h; path = RandomPickerGeneratorTests.h; sourceTree = "<group>"; };
		1742EBEA1797F3F600CCDDE8 /* RandomPickerGeneratorTests.m */ = {isa = PBXFileReference; lastKnownFileType = sourcecode.c.objc; path = RandomPickerGeneratorTests.m; sourceTree = "<group>"; };
		1742EBFA1797F67200CCDDE8 /* RandomElement.h */ = {isa = PBXFileReference; fileEncoding = 4; lastKnownFileType = sourcecode.c.h; path = RandomElement.h; sourceTree = "<group>"; };
		1742EBFB1797F67200CCDDE8 /* RandomElement.m */ = {isa = PBXFileReference; fileEncoding = 4; lastKnownFileType = sourcecode.c.objc; path = RandomElement.m; sourceTree = "<group>"; };
		1742EBFD1797F68F00CCDDE8 /* RandomElementCollection.h */ = {isa = PBXFileReference; fileEncoding = 4; lastKnownFileType = sourcecode.c.h; path = RandomElementCollection.h; sourceTree = "<group>"; };
		1742EBFE1797F68F00CCDDE8 /* RandomElementCollection.m */ = {isa = PBXFileReference; fileEncoding = 4; lastKnownFileType = sourcecode.c.objc; path = RandomElementCollection.m; sourceTree = "<group>"; };
		1742EC001797F9D900CCDDE8 /* ResultsViewController.h */ = {isa = PBXFileReference; fileEncoding = 4; lastKnownFileType = sourcecode.c.h; path = ResultsViewController.h; sourceTree = SOURCE_ROOT; };
		1742EC011797F9D900CCDDE8 /* ResultsViewController.m */ = {isa = PBXFileReference; fileEncoding = 4; lastKnownFileType = sourcecode.c.objc; path = ResultsViewController.m; sourceTree = SOURCE_ROOT; };
		1742EC021797F9D900CCDDE8 /* ResultsViewController.xib */ = {isa = PBXFileReference; fileEncoding = 4; lastKnownFileType = file.xib; path = ResultsViewController.xib; sourceTree = SOURCE_ROOT; };
		1742EC051797FA1800CCDDE8 /* CustomRandomCollectionTableViewController.h */ = {isa = PBXFileReference; fileEncoding = 4; lastKnownFileType = sourcecode.c.h; path = CustomRandomCollectionTableViewController.h; sourceTree = SOURCE_ROOT; };
		1742EC061797FA1800CCDDE8 /* CustomRandomCollectionTableViewController.m */ = {isa = PBXFileReference; fileEncoding = 4; lastKnownFileType = sourcecode.c.objc; path = CustomRandomCollectionTableViewController.m; sourceTree = SOURCE_ROOT; };
		1742EC071797FA1800CCDDE8 /* CustomRandomCollectionTableViewController.xib */ = {isa = PBXFileReference; fileEncoding = 4; lastKnownFileType = file.xib; path = CustomRandomCollectionTableViewController.xib; sourceTree = SOURCE_ROOT; };
		1742EC0A1797FA7C00CCDDE8 /* AddCustomRandomCollectionViewController.h */ = {isa = PBXFileReference; fileEncoding = 4; lastKnownFileType = sourcecode.c.h; path = AddCustomRandomCollectionViewController.h; sourceTree = "<group>"; };
		1742EC0B1797FA7C00CCDDE8 /* AddCustomRandomCollectionViewController.m */ = {isa = PBXFileReference; fileEncoding = 4; lastKnownFileType = sourcecode.c.objc; path = AddCustomRandomCollectionViewController.m; sourceTree = "<group>"; };
		1742EC0C1797FA7C00CCDDE8 /* AddCustomRandomCollectionViewController.xib */ = {isa = PBXFileReference; fileEncoding = 4; lastKnownFileType = file.xib; path = AddCustomRandomCollectionViewController.xib; sourceTree = "<group>"; };
		1742ED0317980FFF00CCDDE8 /* 718457_f260.jpg */ = {isa = PBXFileReference; lastKnownFileType = image.jpeg; path = 718457_f260.jpg; sourceTree = "<group>"; };
		1742ED0417980FFF00CCDDE8 /* 718458_f260.jpg */ = {isa = PBXFileReference; lastKnownFileType = image.jpeg; path = 718458_f260.jpg; sourceTree = "<group>"; };
		1742ED0517980FFF00CCDDE8 /* 718459_f260.jpg */ = {isa = PBXFileReference; lastKnownFileType = image.jpeg; path = 718459_f260.jpg; sourceTree = "<group>"; };
		1742ED0617980FFF00CCDDE8 /* 718460_f260.jpg */ = {isa = PBXFileReference; lastKnownFileType = image.jpeg; path = 718460_f260.jpg; sourceTree = "<group>"; };
		1742ED0717980FFF00CCDDE8 /* 718461_f260.jpg */ = {isa = PBXFileReference; lastKnownFileType = image.jpeg; path = 718461_f260.jpg; sourceTree = "<group>"; };
		1742ED0817980FFF00CCDDE8 /* 718462_f260.jpg */ = {isa = PBXFileReference; lastKnownFileType = image.jpeg; path = 718462_f260.jpg; sourceTree = "<group>"; };
		1742ED0917980FFF00CCDDE8 /* 718463_f260.jpg */ = {isa = PBXFileReference; lastKnownFileType = image.jpeg; path = 718463_f260.jpg; sourceTree = "<group>"; };
		1742ED0A17980FFF00CCDDE8 /* 718464_f260.jpg */ = {isa = PBXFileReference; lastKnownFileType = image.jpeg; path = 718464_f260.jpg; sourceTree = "<group>"; };
		1742ED0B17980FFF00CCDDE8 /* 718465_f260.jpg */ = {isa = PBXFileReference; lastKnownFileType = image.jpeg; path = 718465_f260.jpg; sourceTree = "<group>"; };
		1742ED0C17980FFF00CCDDE8 /* 718466_f260.jpg */ = {isa = PBXFileReference; lastKnownFileType = image.jpeg; path = 718466_f260.jpg; sourceTree = "<group>"; };
		1742ED0D17980FFF00CCDDE8 /* 718468_f260.jpg */ = {isa = PBXFileReference; lastKnownFileType = image.jpeg; path = 718468_f260.jpg; sourceTree = "<group>"; };
		1742ED0E17980FFF00CCDDE8 /* 718478_f260.jpg */ = {isa = PBXFileReference; lastKnownFileType = image.jpeg; path = 718478_f260.jpg; sourceTree = "<group>"; };
		1742ED0F17980FFF00CCDDE8 /* 718479_f260.jpg */ = {isa = PBXFileReference; lastKnownFileType = image.jpeg; path = 718479_f260.jpg; sourceTree = "<group>"; };
		1742ED1017980FFF00CCDDE8 /* 718480_f260.jpg */ = {isa = PBXFileReference; lastKnownFileType = image.jpeg; path = 718480_f260.jpg; sourceTree = "<group>"; };
		1742ED1117980FFF00CCDDE8 /* 718481_f260.jpg */ = {isa = PBXFileReference; lastKnownFileType = image.jpeg; path = 718481_f260.jpg; sourceTree = "<group>"; };
		1742ED1217980FFF00CCDDE8 /* 718482_f260.jpg */ = {isa = PBXFileReference; lastKnownFileType = image.jpeg; path = 718482_f260.jpg; sourceTree = "<group>"; };
		1742ED1317980FFF00CCDDE8 /* 718483_f260.jpg */ = {isa = PBXFileReference; lastKnownFileType = image.jpeg; path = 718483_f260.jpg; sourceTree = "<group>"; };
		1742ED1417980FFF00CCDDE8 /* 718484_f260.jpg */ = {isa = PBXFileReference; lastKnownFileType = image.jpeg; path = 718484_f260.jpg; sourceTree = "<group>"; };
		1742ED1517980FFF00CCDDE8 /* 718485_f260.jpg */ = {isa = PBXFileReference; lastKnownFileType = image.jpeg; path = 718485_f260.jpg; sourceTree = "<group>"; };
		1742ED1617980FFF00CCDDE8 /* 718489_f260.jpg */ = {isa = PBXFileReference; lastKnownFileType = image.jpeg; path = 718489_f260.jpg; sourceTree = "<group>"; };
		1742ED1717980FFF00CCDDE8 /* 718490_f260.jpg */ = {isa = PBXFileReference; lastKnownFileType = image.jpeg; path = 718490_f260.jpg; sourceTree = "<group>"; };
		1742ED1817980FFF00CCDDE8 /* 718491_f260.jpg */ = {isa = PBXFileReference; lastKnownFileType = image.jpeg; path = 718491_f260.jpg; sourceTree = "<group>"; };
		1742ED1917980FFF00CCDDE8 /* 718492_f260.jpg */ = {isa = PBXFileReference; lastKnownFileType = image.jpeg; path = 718492_f260.jpg; sourceTree = "<group>"; };
		1742ED1A17980FFF00CCDDE8 /* 718493_f260.jpg */ = {isa = PBXFileReference; lastKnownFileType = image.jpeg; path = 718493_f260.jpg; sourceTree = "<group>"; };
		1742ED1B17980FFF00CCDDE8 /* 718494_f260.jpg */ = {isa = PBXFileReference; lastKnownFileType = image.jpeg; path = 718494_f260.jpg; sourceTree = "<group>"; };
		1742ED1C17980FFF00CCDDE8 /* 718495_f260.jpg */ = {isa = PBXFileReference; lastKnownFileType = image.jpeg; path = 718495_f260.jpg; sourceTree = "<group>"; };
		1742ED1D17980FFF00CCDDE8 /* 718496_f260.jpg */ = {isa = PBXFileReference; lastKnownFileType = image.jpeg; path = 718496_f260.jpg; sourceTree = "<group>"; };
		1742ED1E17980FFF00CCDDE8 /* 718499_f260.jpg */ = {isa = PBXFileReference; lastKnownFileType = image.jpeg; path = 718499_f260.jpg; sourceTree = "<group>"; };
		1742ED1F17980FFF00CCDDE8 /* 718500_f260.jpg */ = {isa = PBXFileReference; lastKnownFileType = image.jpeg; path = 718500_f260.jpg; sourceTree = "<group>"; };
		1742ED2017980FFF00CCDDE8 /* 718501_f260.jpg */ = {isa = PBXFileReference; lastKnownFileType = image.jpeg; path = 718501_f260.jpg; sourceTree = "<group>"; };
		1742ED2117980FFF00CCDDE8 /* 718502_f260.jpg */ = {isa = PBXFileReference; lastKnownFileType = image.jpeg; path = 718502_f260.jpg; sourceTree = "<group>"; };
		1742ED2217980FFF00CCDDE8 /* 718503_f260.jpg */ = {isa = PBXFileReference; lastKnownFileType = image.jpeg; path = 718503_f260.jpg; sourceTree = "<group>"; };
		1742ED2317980FFF00CCDDE8 /* 718504_f260.jpg */ = {isa = PBXFileReference; lastKnownFileType = image.jpeg; path = 718504_f260.jpg; sourceTree = "<group>"; };
		1742ED2417980FFF00CCDDE8 /* 718505_f260.jpg */ = {isa = PBXFileReference; lastKnownFileType = image.jpeg; path = 718505_f260.jpg; sourceTree = "<group>"; };
		1742ED2517980FFF00CCDDE8 /* 718506_f260.jpg */ = {isa = PBXFileReference; lastKnownFileType = image.jpeg; path = 718506_f260.jpg; sourceTree = "<group>"; };
		1742ED2617980FFF00CCDDE8 /* 718509_f260.jpg */ = {isa = PBXFileReference; lastKnownFileType = image.jpeg; path = 718509_f260.jpg; sourceTree = "<group>"; };
		1742ED2717980FFF00CCDDE8 /* 718510_f260.jpg */ = {isa = PBXFileReference; lastKnownFileType = image.jpeg; path = 718510_f260.jpg; sourceTree = "<group>"; };
		1742ED2817980FFF00CCDDE8 /* 718511_f260.jpg */ = {isa = PBXFileReference; lastKnownFileType = image.jpeg; path = 718511_f260.jpg; sourceTree = "<group>"; };
		1742ED2917980FFF00CCDDE8 /* 718512_f260.jpg */ = {isa = PBXFileReference; lastKnownFileType = image.jpeg; path = 718512_f260.jpg; sourceTree = "<group>"; };
		1742ED2A17980FFF00CCDDE8 /* 718513_f260.jpg */ = {isa = PBXFileReference; lastKnownFileType = image.jpeg; path = 718513_f260.jpg; sourceTree = "<group>"; };
		1742ED2B17980FFF00CCDDE8 /* 718514_f260.jpg */ = {isa = PBXFileReference; lastKnownFileType = image.jpeg; path = 718514_f260.jpg; sourceTree = "<group>"; };
		1742ED2C17980FFF00CCDDE8 /* 718515_f260.jpg */ = {isa = PBXFileReference; lastKnownFileType = image.jpeg; path = 718515_f260.jpg; sourceTree = "<group>"; };
		1742ED2D17980FFF00CCDDE8 /* 718516_f260.jpg */ = {isa = PBXFileReference; lastKnownFileType = image.jpeg; path = 718516_f260.jpg; sourceTree = "<group>"; };
		1742ED2E17980FFF00CCDDE8 /* 718517_f260.jpg */ = {isa = PBXFileReference; lastKnownFileType = image.jpeg; path = 718517_f260.jpg; sourceTree = "<group>"; };
		1742ED2F17980FFF00CCDDE8 /* 718518_f260.jpg */ = {isa = PBXFileReference; lastKnownFileType = image.jpeg; path = 718518_f260.jpg; sourceTree = "<group>"; };
		1742ED3017980FFF00CCDDE8 /* 718519_f260.jpg */ = {isa = PBXFileReference; lastKnownFileType = image.jpeg; path = 718519_f260.jpg; sourceTree = "<group>"; };
		1742ED3117980FFF00CCDDE8 /* 718520_f260.jpg */ = {isa = PBXFileReference; lastKnownFileType = image.jpeg; path = 718520_f260.jpg; sourceTree = "<group>"; };
		1742ED3217980FFF00CCDDE8 /* 718521_f260.jpg */ = {isa = PBXFileReference; lastKnownFileType = image.jpeg; path = 718521_f260.jpg; sourceTree = "<group>"; };
		1742ED3317980FFF00CCDDE8 /* 718522_f260.jpg */ = {isa = PBXFileReference; lastKnownFileType = image.jpeg; path = 718522_f260.jpg; sourceTree = "<group>"; };
		1742ED3417980FFF00CCDDE8 /* 718523_f260.jpg */ = {isa = PBXFileReference; lastKnownFileType = image.jpeg; path = 718523_f260.jpg; sourceTree = "<group>"; };
		1742ED3517980FFF00CCDDE8 /* 718524_f260.jpg */ = {isa = PBXFileReference; lastKnownFileType = image.jpeg; path = 718524_f260.jpg; sourceTree = "<group>"; };
		1742ED3617980FFF00CCDDE8 /* 718527_f260.jpg */ = {isa = PBXFileReference; lastKnownFileType = image.jpeg; path = 718527_f260.jpg; sourceTree = "<group>"; };
		1742ED6B17981D1000CCDDE8 /* Wallpaper.jpeg */ = {isa = PBXFileReference; lastKnownFileType = image.jpeg; path = Wallpaper.jpeg; sourceTree = "<group>"; };
		179F3A83179823ED00E1EC32 /* icon.png */ = {isa = PBXFileReference; lastKnownFileType = image.png; path = icon.png; sourceTree = "<group>"; };
		179F3A85179823F100E1EC32 /* icon@2x.png */ = {isa = PBXFileReference; lastKnownFileType = image.png; path = "icon@2x.png"; sourceTree = "<group>"; };
		179F3A8717982A7500E1EC32 /* coin-head.jpg */ = {isa = PBXFileReference; lastKnownFileType = image.jpeg; path = "coin-head.jpg"; sourceTree = "<group>"; };
		179F3A8817982A7500E1EC32 /* coin-tail.jpg */ = {isa = PBXFileReference; lastKnownFileType = image.jpeg; path = "coin-tail.jpg"; sourceTree = "<group>"; };
		179F3A8917982A7500E1EC32 /* dice1.png */ = {isa = PBXFileReference; lastKnownFileType = image.png; path = dice1.png; sourceTree = "<group>"; };
		179F3A8A17982A7500E1EC32 /* dice2.png */ = {isa = PBXFileReference; lastKnownFileType = image.png; path = dice2.png; sourceTree = "<group>"; };
		179F3A8B17982A7500E1EC32 /* dice3.png */ = {isa = PBXFileReference; lastKnownFileType = image.png; path = dice3.png; sourceTree = "<group>"; };
		179F3A8C17982A7500E1EC32 /* dice4.png */ = {isa = PBXFileReference; lastKnownFileType = image.png; path = dice4.png; sourceTree = "<group>"; };
		179F3A8D17982A7500E1EC32 /* dice5.png */ = {isa = PBXFileReference; lastKnownFileType = image.png; path = dice5.png; sourceTree = "<group>"; };
		179F3A8E17982A7500E1EC32 /* dice6.png */ = {isa = PBXFileReference; lastKnownFileType = image.png; path = dice6.png; sourceTree = "<group>"; };
		9FEBB9721798FD740015EBD7 /* treasure.jpg */ = {isa = PBXFileReference; lastKnownFileType = image.jpeg; path = treasure.jpg; sourceTree = "<group>"; };
		D1D84A2A17982C9000F605A5 /* QuartzCore.framework */ = {isa = PBXFileReference; lastKnownFileType = wrapper.framework; name = QuartzCore.framework; path = System/Library/Frameworks/QuartzCore.framework; sourceTree = SDKROOT; };
/* End PBXFileReference section */

/* Begin PBXFrameworksBuildPhase section */
		1742EBB81797F3F600CCDDE8 /* Frameworks */ = {
			isa = PBXFrameworksBuildPhase;
			buildActionMask = 2147483647;
			files = (
				D1D84A2B17982C9000F605A5 /* QuartzCore.framework in Frameworks */,
				1742EBC01797F3F600CCDDE8 /* UIKit.framework in Frameworks */,
				1742EBC21797F3F600CCDDE8 /* Foundation.framework in Frameworks */,
				1742EBC41797F3F600CCDDE8 /* CoreGraphics.framework in Frameworks */,
			);
			runOnlyForDeploymentPostprocessing = 0;
		};
		1742EBD81797F3F600CCDDE8 /* Frameworks */ = {
			isa = PBXFrameworksBuildPhase;
			buildActionMask = 2147483647;
			files = (
				1742EBDE1797F3F600CCDDE8 /* SenTestingKit.framework in Frameworks */,
				1742EBDF1797F3F600CCDDE8 /* UIKit.framework in Frameworks */,
				1742EBE01797F3F600CCDDE8 /* Foundation.framework in Frameworks */,
			);
			runOnlyForDeploymentPostprocessing = 0;
		};
/* End PBXFrameworksBuildPhase section */

/* Begin PBXGroup section */
		1742EBB01797F3F600CCDDE8 = {
			isa = PBXGroup;
			children = (
				179F3A85179823F100E1EC32 /* icon@2x.png */,
				179F3A83179823ED00E1EC32 /* icon.png */,
				1742EBC51797F3F600CCDDE8 /* RandomPickerGenerator */,
				1742EBE31797F3F600CCDDE8 /* RandomPickerGeneratorTests */,
				1742EBBE1797F3F600CCDDE8 /* Frameworks */,
				1742EBBC1797F3F600CCDDE8 /* Products */,
			);
			sourceTree = "<group>";
		};
		1742EBBC1797F3F600CCDDE8 /* Products */ = {
			isa = PBXGroup;
			children = (
				1742EBBB1797F3F600CCDDE8 /* RandomPickerGenerator.app */,
				1742EBDC1797F3F600CCDDE8 /* RandomPickerGeneratorTests.octest */,
			);
			name = Products;
			sourceTree = "<group>";
		};
		1742EBBE1797F3F600CCDDE8 /* Frameworks */ = {
			isa = PBXGroup;
			children = (
				D1D84A2A17982C9000F605A5 /* QuartzCore.framework */,
				1742EBBF1797F3F600CCDDE8 /* UIKit.framework */,
				1742EBC11797F3F600CCDDE8 /* Foundation.framework */,
				1742EBC31797F3F600CCDDE8 /* CoreGraphics.framework */,
				1742EBDD1797F3F600CCDDE8 /* SenTestingKit.framework */,
			);
			name = Frameworks;
			sourceTree = "<group>";
		};
		1742EBC51797F3F600CCDDE8 /* RandomPickerGenerator */ = {
			isa = PBXGroup;
			children = (
				1742ED0217980FFF00CCDDE8 /* Images */,
				D1D849CD1797FC0F00F605A5 /* ViewController */,
				1742EBF81797F64800CCDDE8 /* Classes */,
				1742EBCE1797F3F600CCDDE8 /* AppDelegate.h */,
				1742EBCF1797F3F600CCDDE8 /* AppDelegate.m */,
				1742EBC61797F3F600CCDDE8 /* Supporting Files */,
			);
			path = RandomPickerGenerator;
			sourceTree = "<group>";
		};
		1742EBC61797F3F600CCDDE8 /* Supporting Files */ = {
			isa = PBXGroup;
			children = (
				1742EBC71797F3F600CCDDE8 /* RandomPickerGenerator-Info.plist */,
				1742EBC81797F3F600CCDDE8 /* InfoPlist.strings */,
				1742EBCB1797F3F600CCDDE8 /* main.m */,
				1742EBCD1797F3F600CCDDE8 /* RandomPickerGenerator-Prefix.pch */,
			);
			name = "Supporting Files";
			sourceTree = "<group>";
		};
		1742EBE31797F3F600CCDDE8 /* RandomPickerGeneratorTests */ = {
			isa = PBXGroup;
			children = (
				1742EBE91797F3F600CCDDE8 /* RandomPickerGeneratorTests.h */,
				1742EBEA1797F3F600CCDDE8 /* RandomPickerGeneratorTests.m */,
				1742EBE41797F3F600CCDDE8 /* Supporting Files */,
			);
			path = RandomPickerGeneratorTests;
			sourceTree = "<group>";
		};
		1742EBE41797F3F600CCDDE8 /* Supporting Files */ = {
			isa = PBXGroup;
			children = (
				1742EBE51797F3F600CCDDE8 /* RandomPickerGeneratorTests-Info.plist */,
				1742EBE61797F3F600CCDDE8 /* InfoPlist.strings */,
			);
			name = "Supporting Files";
			sourceTree = "<group>";
		};
		1742EBF81797F64800CCDDE8 /* Classes */ = {
			isa = PBXGroup;
			children = (
				1742EBFA1797F67200CCDDE8 /* RandomElement.h */,
				1742EBFB1797F67200CCDDE8 /* RandomElement.m */,
				1742EBFD1797F68F00CCDDE8 /* RandomElementCollection.h */,
				1742EBFE1797F68F00CCDDE8 /* RandomElementCollection.m */,
			);
			name = Classes;
			sourceTree = "<group>";
		};
		1742ED0217980FFF00CCDDE8 /* Images */ = {
			isa = PBXGroup;
			children = (
				9FEBB9721798FD740015EBD7 /* treasure.jpg */,
				179F3A8717982A7500E1EC32 /* coin-head.jpg */,
				179F3A8817982A7500E1EC32 /* coin-tail.jpg */,
				179F3A8917982A7500E1EC32 /* dice1.png */,
				179F3A8A17982A7500E1EC32 /* dice2.png */,
				179F3A8B17982A7500E1EC32 /* dice3.png */,
				179F3A8C17982A7500E1EC32 /* dice4.png */,
				179F3A8D17982A7500E1EC32 /* dice5.png */,
				179F3A8E17982A7500E1EC32 /* dice6.png */,
				1742ED6B17981D1000CCDDE8 /* Wallpaper.jpeg */,
				1742ED0317980FFF00CCDDE8 /* 718457_f260.jpg */,
				1742ED0417980FFF00CCDDE8 /* 718458_f260.jpg */,
				1742ED0517980FFF00CCDDE8 /* 718459_f260.jpg */,
				1742ED0617980FFF00CCDDE8 /* 718460_f260.jpg */,
				1742ED0717980FFF00CCDDE8 /* 718461_f260.jpg */,
				1742ED0817980FFF00CCDDE8 /* 718462_f260.jpg */,
				1742ED0917980FFF00CCDDE8 /* 718463_f260.jpg */,
				1742ED0A17980FFF00CCDDE8 /* 718464_f260.jpg */,
				1742ED0B17980FFF00CCDDE8 /* 718465_f260.jpg */,
				1742ED0C17980FFF00CCDDE8 /* 718466_f260.jpg */,
				1742ED0D17980FFF00CCDDE8 /* 718468_f260.jpg */,
				1742ED0E17980FFF00CCDDE8 /* 718478_f260.jpg */,
				1742ED0F17980FFF00CCDDE8 /* 718479_f260.jpg */,
				1742ED1017980FFF00CCDDE8 /* 718480_f260.jpg */,
				1742ED1117980FFF00CCDDE8 /* 718481_f260.jpg */,
				1742ED1217980FFF00CCDDE8 /* 718482_f260.jpg */,
				1742ED1317980FFF00CCDDE8 /* 718483_f260.jpg */,
				1742ED1417980FFF00CCDDE8 /* 718484_f260.jpg */,
				1742ED1517980FFF00CCDDE8 /* 718485_f260.jpg */,
				1742ED1617980FFF00CCDDE8 /* 718489_f260.jpg */,
				1742ED1717980FFF00CCDDE8 /* 718490_f260.jpg */,
				1742ED1817980FFF00CCDDE8 /* 718491_f260.jpg */,
				1742ED1917980FFF00CCDDE8 /* 718492_f260.jpg */,
				1742ED1A17980FFF00CCDDE8 /* 718493_f260.jpg */,
				1742ED1B17980FFF00CCDDE8 /* 718494_f260.jpg */,
				1742ED1C17980FFF00CCDDE8 /* 718495_f260.jpg */,
				1742ED1D17980FFF00CCDDE8 /* 718496_f260.jpg */,
				1742ED1E17980FFF00CCDDE8 /* 718499_f260.jpg */,
				1742ED1F17980FFF00CCDDE8 /* 718500_f260.jpg */,
				1742ED2017980FFF00CCDDE8 /* 718501_f260.jpg */,
				1742ED2117980FFF00CCDDE8 /* 718502_f260.jpg */,
				1742ED2217980FFF00CCDDE8 /* 718503_f260.jpg */,
				1742ED2317980FFF00CCDDE8 /* 718504_f260.jpg */,
				1742ED2417980FFF00CCDDE8 /* 718505_f260.jpg */,
				1742ED2517980FFF00CCDDE8 /* 718506_f260.jpg */,
				1742ED2617980FFF00CCDDE8 /* 718509_f260.jpg */,
				1742ED2717980FFF00CCDDE8 /* 718510_f260.jpg */,
				1742ED2817980FFF00CCDDE8 /* 718511_f260.jpg */,
				1742ED2917980FFF00CCDDE8 /* 718512_f260.jpg */,
				1742ED2A17980FFF00CCDDE8 /* 718513_f260.jpg */,
				1742ED2B17980FFF00CCDDE8 /* 718514_f260.jpg */,
				1742ED2C17980FFF00CCDDE8 /* 718515_f260.jpg */,
				1742ED2D17980FFF00CCDDE8 /* 718516_f260.jpg */,
				1742ED2E17980FFF00CCDDE8 /* 718517_f260.jpg */,
				1742ED2F17980FFF00CCDDE8 /* 718518_f260.jpg */,
				1742ED3017980FFF00CCDDE8 /* 718519_f260.jpg */,
				1742ED3117980FFF00CCDDE8 /* 718520_f260.jpg */,
				1742ED3217980FFF00CCDDE8 /* 718521_f260.jpg */,
				1742ED3317980FFF00CCDDE8 /* 718522_f260.jpg */,
				1742ED3417980FFF00CCDDE8 /* 718523_f260.jpg */,
				1742ED3517980FFF00CCDDE8 /* 718524_f260.jpg */,
				1742ED3617980FFF00CCDDE8 /* 718527_f260.jpg */,
			);
			path = Images;
			sourceTree = SOURCE_ROOT;
		};
		D1D849CD1797FC0F00F605A5 /* ViewController */ = {
			isa = PBXGroup;
			children = (
				1742EBD11797F3F600CCDDE8 /* LaunchPageViewController.h */,
				1742EBD21797F3F600CCDDE8 /* LaunchPageViewController.m */,
				1742EBD41797F3F600CCDDE8 /* LaunchPageViewController.xib */,
				1742EC001797F9D900CCDDE8 /* ResultsViewController.h */,
				1742EC011797F9D900CCDDE8 /* ResultsViewController.m */,
				1742EC021797F9D900CCDDE8 /* ResultsViewController.xib */,
				1742EC051797FA1800CCDDE8 /* CustomRandomCollectionTableViewController.h */,
				1742EC061797FA1800CCDDE8 /* CustomRandomCollectionTableViewController.m */,
				1742EC071797FA1800CCDDE8 /* CustomRandomCollectionTableViewController.xib */,
				1742EC0A1797FA7C00CCDDE8 /* AddCustomRandomCollectionViewController.h */,
				1742EC0B1797FA7C00CCDDE8 /* AddCustomRandomCollectionViewController.m */,
				1742EC0C1797FA7C00CCDDE8 /* AddCustomRandomCollectionViewController.xib */,
			);
			name = ViewController;
			sourceTree = "<group>";
		};
/* End PBXGroup section */

/* Begin PBXNativeTarget section */
		1742EBBA1797F3F600CCDDE8 /* RandomPickerGenerator */ = {
			isa = PBXNativeTarget;
			buildConfigurationList = 1742EBEE1797F3F600CCDDE8 /* Build configuration list for PBXNativeTarget "RandomPickerGenerator" */;
			buildPhases = (
				1742EBB71797F3F600CCDDE8 /* Sources */,
				1742EBB81797F3F600CCDDE8 /* Frameworks */,
				1742EBB91797F3F600CCDDE8 /* Resources */,
			);
			buildRules = (
			);
			dependencies = (
			);
			name = RandomPickerGenerator;
			productName = RandomPickerGenerator;
			productReference = 1742EBBB1797F3F600CCDDE8 /* RandomPickerGenerator.app */;
			productType = "com.apple.product-type.application";
		};
		1742EBDB1797F3F600CCDDE8 /* RandomPickerGeneratorTests */ = {
			isa = PBXNativeTarget;
			buildConfigurationList = 1742EBF11797F3F600CCDDE8 /* Build configuration list for PBXNativeTarget "RandomPickerGeneratorTests" */;
			buildPhases = (
				1742EBD71797F3F600CCDDE8 /* Sources */,
				1742EBD81797F3F600CCDDE8 /* Frameworks */,
				1742EBD91797F3F600CCDDE8 /* Resources */,
				1742EBDA1797F3F600CCDDE8 /* ShellScript */,
			);
			buildRules = (
			);
			dependencies = (
				1742EBE21797F3F600CCDDE8 /* PBXTargetDependency */,
			);
			name = RandomPickerGeneratorTests;
			productName = RandomPickerGeneratorTests;
			productReference = 1742EBDC1797F3F600CCDDE8 /* RandomPickerGeneratorTests.octest */;
			productType = "com.apple.product-type.bundle";
		};
/* End PBXNativeTarget section */

/* Begin PBXProject section */
		1742EBB21797F3F600CCDDE8 /* Project object */ = {
			isa = PBXProject;
			attributes = {
				LastUpgradeCheck = 0420;
				ORGANIZATIONNAME = "ralobba@gmail.com";
			};
			buildConfigurationList = 1742EBB51797F3F600CCDDE8 /* Build configuration list for PBXProject "RandomPickerGenerator" */;
			compatibilityVersion = "Xcode 3.2";
			developmentRegion = English;
			hasScannedForEncodings = 0;
			knownRegions = (
				en,
			);
			mainGroup = 1742EBB01797F3F600CCDDE8;
			productRefGroup = 1742EBBC1797F3F600CCDDE8 /* Products */;
			projectDirPath = "";
			projectRoot = "";
			targets = (
				1742EBBA1797F3F600CCDDE8 /* RandomPickerGenerator */,
				1742EBDB1797F3F600CCDDE8 /* RandomPickerGeneratorTests */,
			);
		};
/* End PBXProject section */

/* Begin PBXResourcesBuildPhase section */
		1742EBB91797F3F600CCDDE8 /* Resources */ = {
			isa = PBXResourcesBuildPhase;
			buildActionMask = 2147483647;
			files = (
				1742EBCA1797F3F600CCDDE8 /* InfoPlist.strings in Resources */,
				1742EBD61797F3F600CCDDE8 /* LaunchPageViewController.xib in Resources */,
				1742EC041797F9D900CCDDE8 /* ResultsViewController.xib in Resources */,
				1742EC091797FA1800CCDDE8 /* CustomRandomCollectionTableViewController.xib in Resources */,
				1742EC0E1797FA7C00CCDDE8 /* AddCustomRandomCollectionViewController.xib in Resources */,
				1742ED3717980FFF00CCDDE8 /* 718457_f260.jpg in Resources */,
				1742ED3817980FFF00CCDDE8 /* 718458_f260.jpg in Resources */,
				1742ED3917980FFF00CCDDE8 /* 718459_f260.jpg in Resources */,
				1742ED3A17980FFF00CCDDE8 /* 718460_f260.jpg in Resources */,
				1742ED3B17980FFF00CCDDE8 /* 718461_f260.jpg in Resources */,
				1742ED3C17980FFF00CCDDE8 /* 718462_f260.jpg in Resources */,
				1742ED3D17980FFF00CCDDE8 /* 718463_f260.jpg in Resources */,
				1742ED3E17980FFF00CCDDE8 /* 718464_f260.jpg in Resources */,
				1742ED3F17980FFF00CCDDE8 /* 718465_f260.jpg in Resources */,
				1742ED4017980FFF00CCDDE8 /* 718466_f260.jpg in Resources */,
				1742ED4117980FFF00CCDDE8 /* 718468_f260.jpg in Resources */,
				1742ED4217980FFF00CCDDE8 /* 718478_f260.jpg in Resources */,
				1742ED4317980FFF00CCDDE8 /* 718479_f260.jpg in Resources */,
				1742ED4417980FFF00CCDDE8 /* 718480_f260.jpg in Resources */,
				1742ED4517980FFF00CCDDE8 /* 718481_f260.jpg in Resources */,
				1742ED4617980FFF00CCDDE8 /* 718482_f260.jpg in Resources */,
				1742ED4717980FFF00CCDDE8 /* 718483_f260.jpg in Resources */,
				1742ED4817980FFF00CCDDE8 /* 718484_f260.jpg in Resources */,
				1742ED4917980FFF00CCDDE8 /* 718485_f260.jpg in Resources */,
				1742ED4A17980FFF00CCDDE8 /* 718489_f260.jpg in Resources */,
				1742ED4B17980FFF00CCDDE8 /* 718490_f260.jpg in Resources */,
				1742ED4C17980FFF00CCDDE8 /* 718491_f260.jpg in Resources */,
				1742ED4D17980FFF00CCDDE8 /* 718492_f260.jpg in Resources */,
				1742ED4E17980FFF00CCDDE8 /* 718493_f260.jpg in Resources */,
				1742ED4F17980FFF00CCDDE8 /* 718494_f260.jpg in Resources */,
				1742ED5017980FFF00CCDDE8 /* 718495_f260.jpg in Resources */,
				1742ED5117980FFF00CCDDE8 /* 718496_f260.jpg in Resources */,
				1742ED5217980FFF00CCDDE8 /* 718499_f260.jpg in Resources */,
				1742ED5317980FFF00CCDDE8 /* 718500_f260.jpg in Resources */,
				1742ED5417980FFF00CCDDE8 /* 718501_f260.jpg in Resources */,
				1742ED5517980FFF00CCDDE8 /* 718502_f260.jpg in Resources */,
				1742ED5617980FFF00CCDDE8 /* 718503_f260.jpg in Resources */,
				1742ED5717980FFF00CCDDE8 /* 718504_f260.jpg in Resources */,
				1742ED5817980FFF00CCDDE8 /* 718505_f260.jpg in Resources */,
				1742ED5917980FFF00CCDDE8 /* 718506_f260.jpg in Resources */,
				1742ED5A17980FFF00CCDDE8 /* 718509_f260.jpg in Resources */,
				1742ED5B17980FFF00CCDDE8 /* 718510_f260.jpg in Resources */,
				1742ED5C17980FFF00CCDDE8 /* 718511_f260.jpg in Resources */,
				1742ED5D17980FFF00CCDDE8 /* 718512_f260.jpg in Resources */,
				1742ED5E17980FFF00CCDDE8 /* 718513_f260.jpg in Resources */,
				1742ED5F17980FFF00CCDDE8 /* 718514_f260.jpg in Resources */,
				1742ED6017980FFF00CCDDE8 /* 718515_f260.jpg in Resources */,
				1742ED6117980FFF00CCDDE8 /* 718516_f260.jpg in Resources */,
				1742ED6217980FFF00CCDDE8 /* 718517_f260.jpg in Resources */,
				1742ED6317980FFF00CCDDE8 /* 718518_f260.jpg in Resources */,
				1742ED6417980FFF00CCDDE8 /* 718519_f260.jpg in Resources */,
				1742ED6517980FFF00CCDDE8 /* 718520_f260.jpg in Resources */,
				1742ED6617980FFF00CCDDE8 /* 718521_f260.jpg in Resources */,
				1742ED6717980FFF00CCDDE8 /* 718522_f260.jpg in Resources */,
				1742ED6817980FFF00CCDDE8 /* 718523_f260.jpg in Resources */,
				1742ED6917980FFF00CCDDE8 /* 718524_f260.jpg in Resources */,
				1742ED6A17980FFF00CCDDE8 /* 718527_f260.jpg in Resources */,
				1742ED6C17981D1000CCDDE8 /* Wallpaper.jpeg in Resources */,
				179F3A84179823ED00E1EC32 /* icon.png in Resources */,
				179F3A86179823F100E1EC32 /* icon@2x.png in Resources */,
				179F3A8F17982A7500E1EC32 /* coin-head.jpg in Resources */,
				179F3A9017982A7500E1EC32 /* coin-tail.jpg in Resources */,
				179F3A9117982A7500E1EC32 /* dice1.png in Resources */,
				179F3A9217982A7500E1EC32 /* dice2.png in Resources */,
				179F3A9317982A7500E1EC32 /* dice3.png in Resources */,
				179F3A9417982A7500E1EC32 /* dice4.png in Resources */,
				179F3A9517982A7500E1EC32 /* dice5.png in Resources */,
				179F3A9617982A7500E1EC32 /* dice6.png in Resources */,
				9FEBB9731798FD740015EBD7 /* treasure.jpg in Resources */,
			);
			runOnlyForDeploymentPostprocessing = 0;
		};
		1742EBD91797F3F600CCDDE8 /* Resources */ = {
			isa = PBXResourcesBuildPhase;
			buildActionMask = 2147483647;
			files = (
				1742EBE81797F3F600CCDDE8 /* InfoPlist.strings in Resources */,
			);
			runOnlyForDeploymentPostprocessing = 0;
		};
/* End PBXResourcesBuildPhase section */

/* Begin PBXShellScriptBuildPhase section */
		1742EBDA1797F3F600CCDDE8 /* ShellScript */ = {
			isa = PBXShellScriptBuildPhase;
			buildActionMask = 2147483647;
			files = (
			);
			inputPaths = (
			);
			outputPaths = (
			);
			runOnlyForDeploymentPostprocessing = 0;
			shellPath = /bin/sh;
			shellScript = "# Run the unit tests in this test bundle.\n\"${SYSTEM_DEVELOPER_DIR}/Tools/RunUnitTests\"\n";
		};
/* End PBXShellScriptBuildPhase section */

/* Begin PBXSourcesBuildPhase section */
		1742EBB71797F3F600CCDDE8 /* Sources */ = {
			isa = PBXSourcesBuildPhase;
			buildActionMask = 2147483647;
			files = (
				1742EBCC1797F3F600CCDDE8 /* main.m in Sources */,
				1742EBD01797F3F600CCDDE8 /* AppDelegate.m in Sources */,
				1742EBD31797F3F600CCDDE8 /* LaunchPageViewController.m in Sources */,
				1742EBFC1797F67200CCDDE8 /* RandomElement.m in Sources */,
				1742EBFF1797F68F00CCDDE8 /* RandomElementCollection.m in Sources */,
				1742EC031797F9D900CCDDE8 /* ResultsViewController.m in Sources */,
				1742EC081797FA1800CCDDE8 /* CustomRandomCollectionTableViewController.m in Sources */,
				1742EC0D1797FA7C00CCDDE8 /* AddCustomRandomCollectionViewController.m in Sources */,
			);
			runOnlyForDeploymentPostprocessing = 0;
		};
		1742EBD71797F3F600CCDDE8 /* Sources */ = {
			isa = PBXSourcesBuildPhase;
			buildActionMask = 2147483647;
			files = (
				1742EBEB1797F3F600CCDDE8 /* RandomPickerGeneratorTests.m in Sources */,
			);
			runOnlyForDeploymentPostprocessing = 0;
		};
/* End PBXSourcesBuildPhase section */

/* Begin PBXTargetDependency section */
		1742EBE21797F3F600CCDDE8 /* PBXTargetDependency */ = {
			isa = PBXTargetDependency;
			target = 1742EBBA1797F3F600CCDDE8 /* RandomPickerGenerator */;
			targetProxy = 1742EBE11797F3F600CCDDE8 /* PBXContainerItemProxy */;
		};
/* End PBXTargetDependency section */

/* Begin PBXVariantGroup section */
		1742EBC81797F3F600CCDDE8 /* InfoPlist.strings */ = {
			isa = PBXVariantGroup;
			children = (
				1742EBC91797F3F600CCDDE8 /* en */,
			);
			name = InfoPlist.strings;
			sourceTree = "<group>";
		};
		1742EBD41797F3F600CCDDE8 /* LaunchPageViewController.xib */ = {
			isa = PBXVariantGroup;
			children = (
				1742EBD51797F3F600CCDDE8 /* en */,
			);
			name = LaunchPageViewController.xib;
			sourceTree = "<group>";
		};
		1742EBE61797F3F600CCDDE8 /* InfoPlist.strings */ = {
			isa = PBXVariantGroup;
			children = (
				1742EBE71797F3F600CCDDE8 /* en */,
			);
			name = InfoPlist.strings;
			sourceTree = "<group>";
		};
/* End PBXVariantGroup section */

/* Begin XCBuildConfiguration section */
		1742EBEC1797F3F600CCDDE8 /* Debug */ = {
			isa = XCBuildConfiguration;
			buildSettings = {
				ALWAYS_SEARCH_USER_PATHS = NO;
				ARCHS = "$(ARCHS_STANDARD_32_BIT)";
				"CODE_SIGN_IDENTITY[sdk=iphoneos*]" = "iPhone Developer";
				COPY_PHASE_STRIP = NO;
				GCC_C_LANGUAGE_STANDARD = gnu99;
				GCC_DYNAMIC_NO_PIC = NO;
				GCC_OPTIMIZATION_LEVEL = 0;
				GCC_PREPROCESSOR_DEFINITIONS = (
					"DEBUG=1",
					"$(inherited)",
				);
				GCC_SYMBOLS_PRIVATE_EXTERN = NO;
				GCC_VERSION = com.apple.compilers.llvm.clang.1_0;
				GCC_WARN_ABOUT_MISSING_PROTOTYPES = YES;
				GCC_WARN_ABOUT_RETURN_TYPE = YES;
				GCC_WARN_UNUSED_VARIABLE = YES;
				IPHONEOS_DEPLOYMENT_TARGET = 5.0;
				SDKROOT = iphoneos;
			};
			name = Debug;
		};
		1742EBED1797F3F600CCDDE8 /* Release */ = {
			isa = XCBuildConfiguration;
			buildSettings = {
				ALWAYS_SEARCH_USER_PATHS = NO;
				ARCHS = "$(ARCHS_STANDARD_32_BIT)";
				"CODE_SIGN_IDENTITY[sdk=iphoneos*]" = "iPhone Developer";
				COPY_PHASE_STRIP = YES;
				GCC_C_LANGUAGE_STANDARD = gnu99;
				GCC_VERSION = com.apple.compilers.llvm.clang.1_0;
				GCC_WARN_ABOUT_MISSING_PROTOTYPES = YES;
				GCC_WARN_ABOUT_RETURN_TYPE = YES;
				GCC_WARN_UNUSED_VARIABLE = YES;
				IPHONEOS_DEPLOYMENT_TARGET = 5.0;
				OTHER_CFLAGS = "-DNS_BLOCK_ASSERTIONS=1";
				SDKROOT = iphoneos;
				VALIDATE_PRODUCT = YES;
			};
			name = Release;
		};
		1742EBEF1797F3F600CCDDE8 /* Debug */ = {
			isa = XCBuildConfiguration;
			buildSettings = {
				GCC_PRECOMPILE_PREFIX_HEADER = YES;
				GCC_PREFIX_HEADER = "RandomPickerGenerator/RandomPickerGenerator-Prefix.pch";
				INFOPLIST_FILE = "RandomPickerGenerator/RandomPickerGenerator-Info.plist";
				PRODUCT_NAME = "$(TARGET_NAME)";
				WRAPPER_EXTENSION = app;
			};
			name = Debug;
		};
		1742EBF01797F3F600CCDDE8 /* Release */ = {
			isa = XCBuildConfiguration;
			buildSettings = {
				GCC_PRECOMPILE_PREFIX_HEADER = YES;
				GCC_PREFIX_HEADER = "RandomPickerGenerator/RandomPickerGenerator-Prefix.pch";
				INFOPLIST_FILE = "RandomPickerGenerator/RandomPickerGenerator-Info.plist";
				PRODUCT_NAME = "$(TARGET_NAME)";
				WRAPPER_EXTENSION = app;
			};
			name = Release;
		};
		1742EBF21797F3F600CCDDE8 /* Debug */ = {
			isa = XCBuildConfiguration;
			buildSettings = {
				BUNDLE_LOADER = "$(BUILT_PRODUCTS_DIR)/RandomPickerGenerator.app/RandomPickerGenerator";
				FRAMEWORK_SEARCH_PATHS = (
					"$(SDKROOT)/Developer/Library/Frameworks",
					"$(DEVELOPER_LIBRARY_DIR)/Frameworks",
				);
				GCC_PRECOMPILE_PREFIX_HEADER = YES;
				GCC_PREFIX_HEADER = "RandomPickerGenerator/RandomPickerGenerator-Prefix.pch";
				INFOPLIST_FILE = "RandomPickerGeneratorTests/RandomPickerGeneratorTests-Info.plist";
				PRODUCT_NAME = "$(TARGET_NAME)";
				TEST_HOST = "$(BUNDLE_LOADER)";
				WRAPPER_EXTENSION = octest;
			};
			name = Debug;
		};
		1742EBF31797F3F600CCDDE8 /* Release */ = {
			isa = XCBuildConfiguration;
			buildSettings = {
				BUNDLE_LOADER = "$(BUILT_PRODUCTS_DIR)/RandomPickerGenerator.app/RandomPickerGenerator";
				FRAMEWORK_SEARCH_PATHS = (
					"$(SDKROOT)/Developer/Library/Frameworks",
					"$(DEVELOPER_LIBRARY_DIR)/Frameworks",
				);
				GCC_PRECOMPILE_PREFIX_HEADER = YES;
				GCC_PREFIX_HEADER = "RandomPickerGenerator/RandomPickerGenerator-Prefix.pch";
				INFOPLIST_FILE = "RandomPickerGeneratorTests/RandomPickerGeneratorTests-Info.plist";
				PRODUCT_NAME = "$(TARGET_NAME)";
				TEST_HOST = "$(BUNDLE_LOADER)";
				WRAPPER_EXTENSION = octest;
			};
			name = Release;
		};
/* End XCBuildConfiguration section */

/* Begin XCConfigurationList section */
		1742EBB51797F3F600CCDDE8 /* Build configuration list for PBXProject "RandomPickerGenerator" */ = {
			isa = XCConfigurationList;
			buildConfigurations = (
				1742EBEC1797F3F600CCDDE8 /* Debug */,
				1742EBED1797F3F600CCDDE8 /* Release */,
			);
			defaultConfigurationIsVisible = 0;
			defaultConfigurationName = Release;
		};
		1742EBEE1797F3F600CCDDE8 /* Build configuration list for PBXNativeTarget "RandomPickerGenerator" */ = {
			isa = XCConfigurationList;
			buildConfigurations = (
				1742EBEF1797F3F600CCDDE8 /* Debug */,
				1742EBF01797F3F600CCDDE8 /* Release */,
			);
			defaultConfigurationIsVisible = 0;
			defaultConfigurationName = Release;
		};
		1742EBF11797F3F600CCDDE8 /* Build configuration list for PBXNativeTarget "RandomPickerGeneratorTests" */ = {
			isa = XCConfigurationList;
			buildConfigurations = (
				1742EBF21797F3F600CCDDE8 /* Debug */,
				1742EBF31797F3F600CCDDE8 /* Release */,
			);
			defaultConfigurationIsVisible = 0;
			defaultConfigurationName = Release;
		};
/* End XCConfigurationList section */
	};
	rootObject = 1742EBB21797F3F600CCDDE8 /* Project object */;
}
